// !$*UTF8*$!
{
	archiveVersion = 1;
	classes = {
	};
	objectVersion = 45;
	objects = {

/* Begin PBXBuildFile section */
		1D3623260D0F684500981E51 /* BeaconAppDelegate.m in Sources */ = {isa = PBXBuildFile; fileRef = 1D3623250D0F684500981E51 /* BeaconAppDelegate.m */; };
		1D60589B0D05DD56006BFB54 /* main.mm in Sources */ = {isa = PBXBuildFile; fileRef = 29B97316FDCFA39411CA2CEA /* main.mm */; };
		1D60589F0D05DD5A006BFB54 /* Foundation.framework in Frameworks */ = {isa = PBXBuildFile; fileRef = 1D30AB110D05D00D00671497 /* Foundation.framework */; };
		1DF5F4E00D08C38300B7A737 /* UIKit.framework in Frameworks */ = {isa = PBXBuildFile; fileRef = 1DF5F4DF0D08C38300B7A737 /* UIKit.framework */; };
		28216C970DB411BC00E5133A /* MapController.m in Sources */ = {isa = PBXBuildFile; fileRef = 28216C960DB411BC00E5133A /* MapController.m */; };
		282CCBFE0DB6C98000C4EA27 /* SecondView.xib in Resources */ = {isa = PBXBuildFile; fileRef = 282CCBFD0DB6C98000C4EA27 /* SecondView.xib */; };
		2840D7CE1179279E00D7F93C /* FirstView.xib in Resources */ = {isa = PBXBuildFile; fileRef = 2840D7CD1179279E00D7F93C /* FirstView.xib */; };
		288765080DF74369002DB57D /* CoreGraphics.framework in Frameworks */ = {isa = PBXBuildFile; fileRef = 288765070DF74369002DB57D /* CoreGraphics.framework */; };
		28AD73880D9D96C1002E5188 /* MainWindow.xib in Resources */ = {isa = PBXBuildFile; fileRef = 28AD73870D9D96C1002E5188 /* MainWindow.xib */; };
		A61094FF129A2C3F00A92CA6 /* Friend.m in Sources */ = {isa = PBXBuildFile; fileRef = A61094FE129A2C3F00A92CA6 /* Friend.m */; };
		A6109502129A309A00A92CA6 /* SingleFriendController.m in Sources */ = {isa = PBXBuildFile; fileRef = A6109501129A309A00A92CA6 /* SingleFriendController.m */; };
		A610953B129A342000A92CA6 /* FriendsController.m in Sources */ = {isa = PBXBuildFile; fileRef = A6109539129A342000A92CA6 /* FriendsController.m */; };
		A610953C129A342000A92CA6 /* FriendsController.xib in Resources */ = {isa = PBXBuildFile; fileRef = A610953A129A342000A92CA6 /* FriendsController.xib */; };
		A610955D129A374E00A92CA6 /* ShareController.m in Sources */ = {isa = PBXBuildFile; fileRef = A610955B129A374E00A92CA6 /* ShareController.m */; };
		A610955E129A374E00A92CA6 /* ShareController.xib in Resources */ = {isa = PBXBuildFile; fileRef = A610955C129A374E00A92CA6 /* ShareController.xib */; };
		A61812AE129A235E00828935 /* 3dar.plist in Resources */ = {isa = PBXBuildFile; fileRef = A6181285129A235E00828935 /* 3dar.plist */; };
		A61812AF129A235E00828935 /* 3dar_logo.png in Resources */ = {isa = PBXBuildFile; fileRef = A6181286129A235E00828935 /* 3dar_logo.png */; };
		A61812B0129A235E00828935 /* lib3DAR_v4_0_6.a in Frameworks */ = {isa = PBXBuildFile; fileRef = A6181287129A235E00828935 /* lib3DAR_v4_0_6.a */; };
		A61812B1129A235E00828935 /* SM3DAR_keys.txt in Resources */ = {isa = PBXBuildFile; fileRef = A6181289129A235E00828935 /* SM3DAR_keys.txt */; };
		A61812B2129A235E00828935 /* BSJSONEncoder.m in Sources */ = {isa = PBXBuildFile; fileRef = A618128C129A235E00828935 /* BSJSONEncoder.m */; };
		A61812B3129A235E00828935 /* NSArray+BSJSONAdditions.m in Sources */ = {isa = PBXBuildFile; fileRef = A618128E129A235E00828935 /* NSArray+BSJSONAdditions.m */; };
		A61812B4129A235E00828935 /* NSDictionary+BSJSONAdditions.m in Sources */ = {isa = PBXBuildFile; fileRef = A6181290129A235E00828935 /* NSDictionary+BSJSONAdditions.m */; };
		A61812B5129A235E00828935 /* NSScanner+BSJSONAdditions.m in Sources */ = {isa = PBXBuildFile; fileRef = A6181292129A235E00828935 /* NSScanner+BSJSONAdditions.m */; };
		A61812B6129A235E00828935 /* NSString+BSJSONAdditions.m in Sources */ = {isa = PBXBuildFile; fileRef = A6181294129A235E00828935 /* NSString+BSJSONAdditions.m */; };
		A61812B7129A235E00828935 /* ISO8601DateFormatter.m in Sources */ = {isa = PBXBuildFile; fileRef = A6181297129A235E00828935 /* ISO8601DateFormatter.m */; };
		A61812CA129A235E00828935 /* Reachability.m in Sources */ = {isa = PBXBuildFile; fileRef = A61812AD129A235E00828935 /* Reachability.m */; };
		A61812D2129A239900828935 /* SystemConfiguration.framework in Frameworks */ = {isa = PBXBuildFile; fileRef = A61812D1129A239900828935 /* SystemConfiguration.framework */; };
		A61812D8129A23AC00828935 /* CoreMotion.framework in Frameworks */ = {isa = PBXBuildFile; fileRef = A61812D7129A23AC00828935 /* CoreMotion.framework */; };
		A61812DC129A23B600828935 /* QuartzCore.framework in Frameworks */ = {isa = PBXBuildFile; fileRef = A61812DB129A23B600828935 /* QuartzCore.framework */; };
		A61812E0129A23BA00828935 /* OpenGLES.framework in Frameworks */ = {isa = PBXBuildFile; fileRef = A61812DF129A23BA00828935 /* OpenGLES.framework */; };
		A645409A12A2158E0014F23C /* Beacon.xcdatamodel in Sources */ = {isa = PBXBuildFile; fileRef = A645409912A2158E0014F23C /* Beacon.xcdatamodel */; };
		A64540B012A217EB0014F23C /* CoreData.framework in Frameworks */ = {isa = PBXBuildFile; fileRef = A64540AF12A217EB0014F23C /* CoreData.framework */; };
		A64541A312A227590014F23C /* EmailController.m in Sources */ = {isa = PBXBuildFile; fileRef = A64541A212A227590014F23C /* EmailController.m */; };
		A64541A912A2282C0014F23C /* MessageUI.framework in Frameworks */ = {isa = PBXBuildFile; fileRef = A64541A812A2282C0014F23C /* MessageUI.framework */; };
		A64541E412A22BAD0014F23C /* invitation_email.html in Resources */ = {isa = PBXBuildFile; fileRef = A64541E312A22BAD0014F23C /* invitation_email.html */; };
		A645420912A231580014F23C /* InvitationController.m in Sources */ = {isa = PBXBuildFile; fileRef = A645420712A231580014F23C /* InvitationController.m */; };
		A645420A12A231580014F23C /* InvitationController.xib in Resources */ = {isa = PBXBuildFile; fileRef = A645420812A231580014F23C /* InvitationController.xib */; };
		A679D9B4129A25AC0043FECC /* MapKit.framework in Frameworks */ = {isa = PBXBuildFile; fileRef = A679D9B3129A25AC0043FECC /* MapKit.framework */; };
		A679D9BA129A25BB0043FECC /* CoreLocation.framework in Frameworks */ = {isa = PBXBuildFile; fileRef = A679D9B9129A25BB0043FECC /* CoreLocation.framework */; };
/* End PBXBuildFile section */

/* Begin PBXFileReference section */
		1D30AB110D05D00D00671497 /* Foundation.framework */ = {isa = PBXFileReference; lastKnownFileType = wrapper.framework; name = Foundation.framework; path = System/Library/Frameworks/Foundation.framework; sourceTree = SDKROOT; };
		1D3623240D0F684500981E51 /* BeaconAppDelegate.h */ = {isa = PBXFileReference; fileEncoding = 4; lastKnownFileType = sourcecode.c.h; path = BeaconAppDelegate.h; sourceTree = "<group>"; };
		1D3623250D0F684500981E51 /* BeaconAppDelegate.m */ = {isa = PBXFileReference; fileEncoding = 4; lastKnownFileType = sourcecode.c.objc; path = BeaconAppDelegate.m; sourceTree = "<group>"; };
		1D6058910D05DD3D006BFB54 /* Beacon.app */ = {isa = PBXFileReference; explicitFileType = wrapper.application; includeInIndex = 0; path = Beacon.app; sourceTree = BUILT_PRODUCTS_DIR; };
		1DF5F4DF0D08C38300B7A737 /* UIKit.framework */ = {isa = PBXFileReference; lastKnownFileType = wrapper.framework; name = UIKit.framework; path = System/Library/Frameworks/UIKit.framework; sourceTree = SDKROOT; };
		28216C950DB411BC00E5133A /* MapController.h */ = {isa = PBXFileReference; fileEncoding = 4; lastKnownFileType = sourcecode.c.h; path = MapController.h; sourceTree = "<group>"; };
		28216C960DB411BC00E5133A /* MapController.m */ = {isa = PBXFileReference; fileEncoding = 4; lastKnownFileType = sourcecode.c.objc; path = MapController.m; sourceTree = "<group>"; };
		282CCBFD0DB6C98000C4EA27 /* SecondView.xib */ = {isa = PBXFileReference; lastKnownFileType = file.xib; path = SecondView.xib; sourceTree = "<group>"; };
		2840D7CD1179279E00D7F93C /* FirstView.xib */ = {isa = PBXFileReference; lastKnownFileType = file.xib; path = FirstView.xib; sourceTree = "<group>"; };
		288765070DF74369002DB57D /* CoreGraphics.framework */ = {isa = PBXFileReference; lastKnownFileType = wrapper.framework; name = CoreGraphics.framework; path = System/Library/Frameworks/CoreGraphics.framework; sourceTree = SDKROOT; };
		28A0AB4B0D9B1048005BE974 /* Beacon_Prefix.pch */ = {isa = PBXFileReference; fileEncoding = 4; lastKnownFileType = sourcecode.c.h; path = Beacon_Prefix.pch; sourceTree = "<group>"; };
		28AD73870D9D96C1002E5188 /* MainWindow.xib */ = {isa = PBXFileReference; lastKnownFileType = file.xib; path = MainWindow.xib; sourceTree = "<group>"; };
		29B97316FDCFA39411CA2CEA /* main.mm */ = {isa = PBXFileReference; fileEncoding = 4; lastKnownFileType = sourcecode.cpp.objcpp; path = main.mm; sourceTree = "<group>"; };
		8D1107310486CEB800E47090 /* Beacon-Info.plist */ = {isa = PBXFileReference; fileEncoding = 4; lastKnownFileType = text.plist.xml; path = "Beacon-Info.plist"; plistStructureDefinitionIdentifier = "com.apple.xcode.plist.structure-definition.iphone.info-plist"; sourceTree = "<group>"; };
		A61094FE129A2C3F00A92CA6 /* Friend.m */ = {isa = PBXFileReference; fileEncoding = 4; lastKnownFileType = sourcecode.c.objc; path = Friend.m; sourceTree = "<group>"; };
		A6109500129A309A00A92CA6 /* SingleFriendController.h */ = {isa = PBXFileReference; fileEncoding = 4; lastKnownFileType = sourcecode.c.h; path = SingleFriendController.h; sourceTree = "<group>"; };
		A6109501129A309A00A92CA6 /* SingleFriendController.m */ = {isa = PBXFileReference; fileEncoding = 4; lastKnownFileType = sourcecode.c.objc; path = SingleFriendController.m; sourceTree = "<group>"; };
		A6109538129A342000A92CA6 /* FriendsController.h */ = {isa = PBXFileReference; fileEncoding = 4; lastKnownFileType = sourcecode.c.h; path = FriendsController.h; sourceTree = "<group>"; };
		A6109539129A342000A92CA6 /* FriendsController.m */ = {isa = PBXFileReference; fileEncoding = 4; lastKnownFileType = sourcecode.c.objc; path = FriendsController.m; sourceTree = "<group>"; };
		A610953A129A342000A92CA6 /* FriendsController.xib */ = {isa = PBXFileReference; lastKnownFileType = file.xib; path = FriendsController.xib; sourceTree = "<group>"; };
		A610955A129A374E00A92CA6 /* ShareController.h */ = {isa = PBXFileReference; fileEncoding = 4; lastKnownFileType = sourcecode.c.h; path = ShareController.h; sourceTree = "<group>"; };
		A610955B129A374E00A92CA6 /* ShareController.m */ = {isa = PBXFileReference; fileEncoding = 4; lastKnownFileType = sourcecode.c.objc; path = ShareController.m; sourceTree = "<group>"; };
		A610955C129A374E00A92CA6 /* ShareController.xib */ = {isa = PBXFileReference; lastKnownFileType = file.xib; path = ShareController.xib; sourceTree = "<group>"; };
		A6181285129A235E00828935 /* 3dar.plist */ = {isa = PBXFileReference; fileEncoding = 4; lastKnownFileType = text.plist.xml; path = 3dar.plist; sourceTree = "<group>"; };
		A6181286129A235E00828935 /* 3dar_logo.png */ = {isa = PBXFileReference; lastKnownFileType = image.png; path = 3dar_logo.png; sourceTree = "<group>"; };
		A6181287129A235E00828935 /* lib3DAR_v4_0_6.a */ = {isa = PBXFileReference; lastKnownFileType = archive.ar; path = lib3DAR_v4_0_6.a; sourceTree = "<group>"; };
		A6181288129A235E00828935 /* SM3DAR.h */ = {isa = PBXFileReference; fileEncoding = 4; lastKnownFileType = sourcecode.c.h; path = SM3DAR.h; sourceTree = "<group>"; };
		A6181289129A235E00828935 /* SM3DAR_keys.txt */ = {isa = PBXFileReference; fileEncoding = 4; lastKnownFileType = text; path = SM3DAR_keys.txt; sourceTree = "<group>"; };
		A618128B129A235E00828935 /* BSJSONEncoder.h */ = {isa = PBXFileReference; fileEncoding = 4; lastKnownFileType = sourcecode.c.h; path = BSJSONEncoder.h; sourceTree = "<group>"; };
		A618128C129A235E00828935 /* BSJSONEncoder.m */ = {isa = PBXFileReference; fileEncoding = 4; lastKnownFileType = sourcecode.c.objc; path = BSJSONEncoder.m; sourceTree = "<group>"; };
		A618128D129A235E00828935 /* NSArray+BSJSONAdditions.h */ = {isa = PBXFileReference; fileEncoding = 4; lastKnownFileType = sourcecode.c.h; path = "NSArray+BSJSONAdditions.h"; sourceTree = "<group>"; };
		A618128E129A235E00828935 /* NSArray+BSJSONAdditions.m */ = {isa = PBXFileReference; fileEncoding = 4; lastKnownFileType = sourcecode.c.objc; path = "NSArray+BSJSONAdditions.m"; sourceTree = "<group>"; };
		A618128F129A235E00828935 /* NSDictionary+BSJSONAdditions.h */ = {isa = PBXFileReference; fileEncoding = 4; lastKnownFileType = sourcecode.c.h; path = "NSDictionary+BSJSONAdditions.h"; sourceTree = "<group>"; };
		A6181290129A235E00828935 /* NSDictionary+BSJSONAdditions.m */ = {isa = PBXFileReference; fileEncoding = 4; lastKnownFileType = sourcecode.c.objc; path = "NSDictionary+BSJSONAdditions.m"; sourceTree = "<group>"; };
		A6181291129A235E00828935 /* NSScanner+BSJSONAdditions.h */ = {isa = PBXFileReference; fileEncoding = 4; lastKnownFileType = sourcecode.c.h; path = "NSScanner+BSJSONAdditions.h"; sourceTree = "<group>"; };
		A6181292129A235E00828935 /* NSScanner+BSJSONAdditions.m */ = {isa = PBXFileReference; fileEncoding = 4; lastKnownFileType = sourcecode.c.objc; path = "NSScanner+BSJSONAdditions.m"; sourceTree = "<group>"; };
		A6181293129A235E00828935 /* NSString+BSJSONAdditions.h */ = {isa = PBXFileReference; fileEncoding = 4; lastKnownFileType = sourcecode.c.h; path = "NSString+BSJSONAdditions.h"; sourceTree = "<group>"; };
		A6181294129A235E00828935 /* NSString+BSJSONAdditions.m */ = {isa = PBXFileReference; fileEncoding = 4; lastKnownFileType = sourcecode.c.objc; path = "NSString+BSJSONAdditions.m"; sourceTree = "<group>"; };
		A6181296129A235E00828935 /* ISO8601DateFormatter.h */ = {isa = PBXFileReference; fileEncoding = 4; lastKnownFileType = sourcecode.c.h; path = ISO8601DateFormatter.h; sourceTree = "<group>"; };
		A6181297129A235E00828935 /* ISO8601DateFormatter.m */ = {isa = PBXFileReference; fileEncoding = 4; lastKnownFileType = sourcecode.c.objc; path = ISO8601DateFormatter.m; sourceTree = "<group>"; };
		A61812AC129A235E00828935 /* Reachability.h */ = {isa = PBXFileReference; fileEncoding = 4; lastKnownFileType = sourcecode.c.h; path = Reachability.h; sourceTree = "<group>"; };
		A61812AD129A235E00828935 /* Reachability.m */ = {isa = PBXFileReference; fileEncoding = 4; lastKnownFileType = sourcecode.c.objc; path = Reachability.m; sourceTree = "<group>"; };
		A61812D1129A239900828935 /* SystemConfiguration.framework */ = {isa = PBXFileReference; lastKnownFileType = wrapper.framework; name = SystemConfiguration.framework; path = System/Library/Frameworks/SystemConfiguration.framework; sourceTree = SDKROOT; };
		A61812D7129A23AC00828935 /* CoreMotion.framework */ = {isa = PBXFileReference; lastKnownFileType = wrapper.framework; name = CoreMotion.framework; path = System/Library/Frameworks/CoreMotion.framework; sourceTree = SDKROOT; };
		A61812DB129A23B600828935 /* QuartzCore.framework */ = {isa = PBXFileReference; lastKnownFileType = wrapper.framework; name = QuartzCore.framework; path = System/Library/Frameworks/QuartzCore.framework; sourceTree = SDKROOT; };
		A61812DF129A23BA00828935 /* OpenGLES.framework */ = {isa = PBXFileReference; lastKnownFileType = wrapper.framework; name = OpenGLES.framework; path = System/Library/Frameworks/OpenGLES.framework; sourceTree = SDKROOT; };
		A645409912A2158E0014F23C /* Beacon.xcdatamodel */ = {isa = PBXFileReference; fileEncoding = 4; lastKnownFileType = wrapper.xcdatamodel; path = Beacon.xcdatamodel; sourceTree = "<group>"; };
		A645409C12A216770014F23C /* Friend.h */ = {isa = PBXFileReference; fileEncoding = 4; lastKnownFileType = sourcecode.c.h; path = Friend.h; sourceTree = "<group>"; };
		A64540AF12A217EB0014F23C /* CoreData.framework */ = {isa = PBXFileReference; lastKnownFileType = wrapper.framework; name = CoreData.framework; path = System/Library/Frameworks/CoreData.framework; sourceTree = SDKROOT; };
		A64541A112A227590014F23C /* EmailController.h */ = {isa = PBXFileReference; fileEncoding = 4; lastKnownFileType = sourcecode.c.h; path = EmailController.h; sourceTree = "<group>"; };
		A64541A212A227590014F23C /* EmailController.m */ = {isa = PBXFileReference; fileEncoding = 4; lastKnownFileType = sourcecode.c.objc; path = EmailController.m; sourceTree = "<group>"; };
		A64541A812A2282C0014F23C /* MessageUI.framework */ = {isa = PBXFileReference; lastKnownFileType = wrapper.framework; name = MessageUI.framework; path = System/Library/Frameworks/MessageUI.framework; sourceTree = SDKROOT; };
		A64541E312A22BAD0014F23C /* invitation_email.html */ = {isa = PBXFileReference; fileEncoding = 4; lastKnownFileType = text.html; path = invitation_email.html; sourceTree = "<group>"; };
		A645420612A231580014F23C /* InvitationController.h */ = {isa = PBXFileReference; fileEncoding = 4; lastKnownFileType = sourcecode.c.h; path = InvitationController.h; sourceTree = "<group>"; };
		A645420712A231580014F23C /* InvitationController.m */ = {isa = PBXFileReference; fileEncoding = 4; lastKnownFileType = sourcecode.c.objc; path = InvitationController.m; sourceTree = "<group>"; };
		A645420812A231580014F23C /* InvitationController.xib */ = {isa = PBXFileReference; lastKnownFileType = file.xib; path = InvitationController.xib; sourceTree = "<group>"; };
		A679D9B3129A25AC0043FECC /* MapKit.framework */ = {isa = PBXFileReference; lastKnownFileType = wrapper.framework; name = MapKit.framework; path = System/Library/Frameworks/MapKit.framework; sourceTree = SDKROOT; };
		A679D9B9129A25BB0043FECC /* CoreLocation.framework */ = {isa = PBXFileReference; lastKnownFileType = wrapper.framework; name = CoreLocation.framework; path = System/Library/Frameworks/CoreLocation.framework; sourceTree = SDKROOT; };
/* End PBXFileReference section */

/* Begin PBXFrameworksBuildPhase section */
		1D60588F0D05DD3D006BFB54 /* Frameworks */ = {
			isa = PBXFrameworksBuildPhase;
			buildActionMask = 2147483647;
			files = (
				1D60589F0D05DD5A006BFB54 /* Foundation.framework in Frameworks */,
				1DF5F4E00D08C38300B7A737 /* UIKit.framework in Frameworks */,
				288765080DF74369002DB57D /* CoreGraphics.framework in Frameworks */,
				A61812B0129A235E00828935 /* lib3DAR_v4_0_6.a in Frameworks */,
				A61812D2129A239900828935 /* SystemConfiguration.framework in Frameworks */,
				A61812D8129A23AC00828935 /* CoreMotion.framework in Frameworks */,
				A61812DC129A23B600828935 /* QuartzCore.framework in Frameworks */,
				A61812E0129A23BA00828935 /* OpenGLES.framework in Frameworks */,
				A679D9B4129A25AC0043FECC /* MapKit.framework in Frameworks */,
				A679D9BA129A25BB0043FECC /* CoreLocation.framework in Frameworks */,
				A64540B012A217EB0014F23C /* CoreData.framework in Frameworks */,
				A64541A912A2282C0014F23C /* MessageUI.framework in Frameworks */,
			);
			runOnlyForDeploymentPostprocessing = 0;
		};
/* End PBXFrameworksBuildPhase section */

/* Begin PBXGroup section */
		080E96DDFE201D6D7F000001 /* Classes */ = {
			isa = PBXGroup;
			children = (
				28216C950DB411BC00E5133A /* MapController.h */,
				28216C960DB411BC00E5133A /* MapController.m */,
				1D3623240D0F684500981E51 /* BeaconAppDelegate.h */,
				1D3623250D0F684500981E51 /* BeaconAppDelegate.m */,
				A64541A112A227590014F23C /* EmailController.h */,
				A64541A212A227590014F23C /* EmailController.m */,
				A645409C12A216770014F23C /* Friend.h */,
				A61094FE129A2C3F00A92CA6 /* Friend.m */,
				A6109500129A309A00A92CA6 /* SingleFriendController.h */,
				A6109501129A309A00A92CA6 /* SingleFriendController.m */,
				A6109538129A342000A92CA6 /* FriendsController.h */,
				A6109539129A342000A92CA6 /* FriendsController.m */,
				A610953A129A342000A92CA6 /* FriendsController.xib */,
				A610955A129A374E00A92CA6 /* ShareController.h */,
				A610955B129A374E00A92CA6 /* ShareController.m */,
				A610955C129A374E00A92CA6 /* ShareController.xib */,
				A645420612A231580014F23C /* InvitationController.h */,
				A645420712A231580014F23C /* InvitationController.m */,
				A645420812A231580014F23C /* InvitationController.xib */,
			);
			path = Classes;
			sourceTree = "<group>";
		};
		19C28FACFE9D520D11CA2CBB /* Products */ = {
			isa = PBXGroup;
			children = (
				1D6058910D05DD3D006BFB54 /* Beacon.app */,
			);
			name = Products;
			sourceTree = "<group>";
		};
		29B97314FDCFA39411CA2CEA /* Beacon */ = {
			isa = PBXGroup;
			children = (
				A6181283129A235E00828935 /* Lib */,
				080E96DDFE201D6D7F000001 /* Classes */,
				29B97315FDCFA39411CA2CEA /* Other Sources */,
				29B97317FDCFA39411CA2CEA /* Resources */,
				29B97323FDCFA39411CA2CEA /* Frameworks */,
				19C28FACFE9D520D11CA2CBB /* Products */,
			);
			name = Beacon;
			sourceTree = "<group>";
		};
		29B97315FDCFA39411CA2CEA /* Other Sources */ = {
			isa = PBXGroup;
			children = (
				28A0AB4B0D9B1048005BE974 /* Beacon_Prefix.pch */,
				29B97316FDCFA39411CA2CEA /* main.mm */,
			);
			name = "Other Sources";
			sourceTree = "<group>";
		};
		29B97317FDCFA39411CA2CEA /* Resources */ = {
			isa = PBXGroup;
			children = (
				2840D7CD1179279E00D7F93C /* FirstView.xib */,
				282CCBFD0DB6C98000C4EA27 /* SecondView.xib */,
				28AD73870D9D96C1002E5188 /* MainWindow.xib */,
				8D1107310486CEB800E47090 /* Beacon-Info.plist */,
				A645409912A2158E0014F23C /* Beacon.xcdatamodel */,
				A64541E312A22BAD0014F23C /* invitation_email.html */,
			);
			name = Resources;
			sourceTree = "<group>";
		};
		29B97323FDCFA39411CA2CEA /* Frameworks */ = {
			isa = PBXGroup;
			children = (
				A64541A812A2282C0014F23C /* MessageUI.framework */,
				A64540AF12A217EB0014F23C /* CoreData.framework */,
				A679D9B3129A25AC0043FECC /* MapKit.framework */,
				A679D9B9129A25BB0043FECC /* CoreLocation.framework */,
				A61812D1129A239900828935 /* SystemConfiguration.framework */,
				A61812D7129A23AC00828935 /* CoreMotion.framework */,
				A61812DB129A23B600828935 /* QuartzCore.framework */,
				A61812DF129A23BA00828935 /* OpenGLES.framework */,
				1DF5F4DF0D08C38300B7A737 /* UIKit.framework */,
				1D30AB110D05D00D00671497 /* Foundation.framework */,
				288765070DF74369002DB57D /* CoreGraphics.framework */,
			);
			name = Frameworks;
			sourceTree = "<group>";
		};
		A6181283129A235E00828935 /* Lib */ = {
			isa = PBXGroup;
			children = (
				A6181284129A235E00828935 /* 3DAR */,
				A618128A129A235E00828935 /* BSJSONAdditions */,
				A6181295129A235E00828935 /* ISO-8601-parser-0.5 */,
				A61812AB129A235E00828935 /* Reachability2.0 */,
			);
			path = Lib;
			sourceTree = "<group>";
		};
		A6181284129A235E00828935 /* 3DAR */ = {
			isa = PBXGroup;
			children = (
				A6181285129A235E00828935 /* 3dar.plist */,
				A6181286129A235E00828935 /* 3dar_logo.png */,
				A6181287129A235E00828935 /* lib3DAR_v4_0_6.a */,
				A6181288129A235E00828935 /* SM3DAR.h */,
				A6181289129A235E00828935 /* SM3DAR_keys.txt */,
			);
			path = 3DAR;
			sourceTree = "<group>";
		};
		A618128A129A235E00828935 /* BSJSONAdditions */ = {
			isa = PBXGroup;
			children = (
				A618128B129A235E00828935 /* BSJSONEncoder.h */,
				A618128C129A235E00828935 /* BSJSONEncoder.m */,
				A618128D129A235E00828935 /* NSArray+BSJSONAdditions.h */,
				A618128E129A235E00828935 /* NSArray+BSJSONAdditions.m */,
				A618128F129A235E00828935 /* NSDictionary+BSJSONAdditions.h */,
				A6181290129A235E00828935 /* NSDictionary+BSJSONAdditions.m */,
				A6181291129A235E00828935 /* NSScanner+BSJSONAdditions.h */,
				A6181292129A235E00828935 /* NSScanner+BSJSONAdditions.m */,
				A6181293129A235E00828935 /* NSString+BSJSONAdditions.h */,
				A6181294129A235E00828935 /* NSString+BSJSONAdditions.m */,
			);
			path = BSJSONAdditions;
			sourceTree = "<group>";
		};
		A6181295129A235E00828935 /* ISO-8601-parser-0.5 */ = {
			isa = PBXGroup;
			children = (
				A6181296129A235E00828935 /* ISO8601DateFormatter.h */,
				A6181297129A235E00828935 /* ISO8601DateFormatter.m */,
			);
			path = "ISO-8601-parser-0.5";
			sourceTree = "<group>";
		};
		A61812AB129A235E00828935 /* Reachability2.0 */ = {
			isa = PBXGroup;
			children = (
				A61812AC129A235E00828935 /* Reachability.h */,
				A61812AD129A235E00828935 /* Reachability.m */,
			);
			path = Reachability2.0;
			sourceTree = "<group>";
		};
/* End PBXGroup section */

/* Begin PBXNativeTarget section */
		1D6058900D05DD3D006BFB54 /* Beacon */ = {
			isa = PBXNativeTarget;
			buildConfigurationList = 1D6058960D05DD3E006BFB54 /* Build configuration list for PBXNativeTarget "Beacon" */;
			buildPhases = (
				1D60588D0D05DD3D006BFB54 /* Resources */,
				1D60588E0D05DD3D006BFB54 /* Sources */,
				1D60588F0D05DD3D006BFB54 /* Frameworks */,
			);
			buildRules = (
			);
			dependencies = (
			);
			name = Beacon;
			productName = Beacon;
			productReference = 1D6058910D05DD3D006BFB54 /* Beacon.app */;
			productType = "com.apple.product-type.application";
		};
/* End PBXNativeTarget section */

/* Begin PBXProject section */
		29B97313FDCFA39411CA2CEA /* Project object */ = {
			isa = PBXProject;
			buildConfigurationList = C01FCF4E08A954540054247B /* Build configuration list for PBXProject "Beacon" */;
			compatibilityVersion = "Xcode 3.1";
			developmentRegion = English;
			hasScannedForEncodings = 1;
			knownRegions = (
				English,
				Japanese,
				French,
				German,
			);
			mainGroup = 29B97314FDCFA39411CA2CEA /* Beacon */;
			projectDirPath = "";
			projectRoot = "";
			targets = (
				1D6058900D05DD3D006BFB54 /* Beacon */,
			);
		};
/* End PBXProject section */

/* Begin PBXResourcesBuildPhase section */
		1D60588D0D05DD3D006BFB54 /* Resources */ = {
			isa = PBXResourcesBuildPhase;
			buildActionMask = 2147483647;
			files = (
				28AD73880D9D96C1002E5188 /* MainWindow.xib in Resources */,
				282CCBFE0DB6C98000C4EA27 /* SecondView.xib in Resources */,
				2840D7CE1179279E00D7F93C /* FirstView.xib in Resources */,
				A61812AE129A235E00828935 /* 3dar.plist in Resources */,
				A61812AF129A235E00828935 /* 3dar_logo.png in Resources */,
				A61812B1129A235E00828935 /* SM3DAR_keys.txt in Resources */,
				A610953C129A342000A92CA6 /* FriendsController.xib in Resources */,
				A610955E129A374E00A92CA6 /* ShareController.xib in Resources */,
				A64541E412A22BAD0014F23C /* invitation_email.html in Resources */,
				A645420A12A231580014F23C /* InvitationController.xib in Resources */,
			);
			runOnlyForDeploymentPostprocessing = 0;
		};
/* End PBXResourcesBuildPhase section */

/* Begin PBXSourcesBuildPhase section */
		1D60588E0D05DD3D006BFB54 /* Sources */ = {
			isa = PBXSourcesBuildPhase;
			buildActionMask = 2147483647;
			files = (
				1D60589B0D05DD56006BFB54 /* main.mm in Sources */,
				1D3623260D0F684500981E51 /* BeaconAppDelegate.m in Sources */,
				28216C970DB411BC00E5133A /* MapController.m in Sources */,
				A61812B2129A235E00828935 /* BSJSONEncoder.m in Sources */,
				A61812B3129A235E00828935 /* NSArray+BSJSONAdditions.m in Sources */,
				A61812B4129A235E00828935 /* NSDictionary+BSJSONAdditions.m in Sources */,
				A61812B5129A235E00828935 /* NSScanner+BSJSONAdditions.m in Sources */,
				A61812B6129A235E00828935 /* NSString+BSJSONAdditions.m in Sources */,
				A61812B7129A235E00828935 /* ISO8601DateFormatter.m in Sources */,
				A61812CA129A235E00828935 /* Reachability.m in Sources */,
				A61094FF129A2C3F00A92CA6 /* Friend.m in Sources */,
				A6109502129A309A00A92CA6 /* SingleFriendController.m in Sources */,
				A610953B129A342000A92CA6 /* FriendsController.m in Sources */,
				A610955D129A374E00A92CA6 /* ShareController.m in Sources */,
				A645409A12A2158E0014F23C /* Beacon.xcdatamodel in Sources */,
				A64541A312A227590014F23C /* EmailController.m in Sources */,
				A645420912A231580014F23C /* InvitationController.m in Sources */,
			);
			runOnlyForDeploymentPostprocessing = 0;
		};
/* End PBXSourcesBuildPhase section */

/* Begin XCBuildConfiguration section */
		1D6058940D05DD3E006BFB54 /* Debug */ = {
			isa = XCBuildConfiguration;
			buildSettings = {
				ALWAYS_SEARCH_USER_PATHS = NO;
				COPY_PHASE_STRIP = NO;
				GCC_DYNAMIC_NO_PIC = NO;
				GCC_OPTIMIZATION_LEVEL = 0;
				GCC_PRECOMPILE_PREFIX_HEADER = YES;
				GCC_PREFIX_HEADER = Beacon_Prefix.pch;
				HEADER_SEARCH_PATHS = "/usr/include/libxml2/**";
				INFOPLIST_FILE = "Beacon-Info.plist";
				LIBRARY_SEARCH_PATHS = (
					"$(inherited)",
					"\"$(SRCROOT)/Lib/3DAR\"",
				);
				OTHER_LDFLAGS = (
					"-lxml2",
					"-stdc++",
				);
				PRODUCT_NAME = Beacon;
			};
			name = Debug;
		};
		1D6058950D05DD3E006BFB54 /* Release */ = {
			isa = XCBuildConfiguration;
			buildSettings = {
				ALWAYS_SEARCH_USER_PATHS = NO;
				COPY_PHASE_STRIP = YES;
				GCC_PRECOMPILE_PREFIX_HEADER = YES;
				GCC_PREFIX_HEADER = Beacon_Prefix.pch;
				HEADER_SEARCH_PATHS = "/usr/include/libxml2/**";
				INFOPLIST_FILE = "Beacon-Info.plist";
				LIBRARY_SEARCH_PATHS = (
					"$(inherited)",
					"\"$(SRCROOT)/Lib/3DAR\"",
				);
				OTHER_LDFLAGS = (
					"-lxml2",
					"-stdc++",
				);
				PRODUCT_NAME = Beacon;
				VALIDATE_PRODUCT = YES;
			};
			name = Release;
		};
		C01FCF4F08A954540054247B /* Debug */ = {
			isa = XCBuildConfiguration;
			buildSettings = {
				ARCHS = "$(ARCHS_STANDARD_32_BIT)";
				"CODE_SIGN_IDENTITY[sdk=iphoneos*]" = "iPhone Developer";
				GCC_C_LANGUAGE_STANDARD = c99;
				GCC_WARN_ABOUT_RETURN_TYPE = YES;
				GCC_WARN_UNUSED_VARIABLE = YES;
				IPHONEOS_DEPLOYMENT_TARGET = 3.1;
				OTHER_LDFLAGS = "";
				PREBINDING = NO;
				SDKROOT = iphoneos4.2;
			};
			name = Debug;
		};
		C01FCF5008A954540054247B /* Release */ = {
			isa = XCBuildConfiguration;
			buildSettings = {
				ARCHS = "$(ARCHS_STANDARD_32_BIT)";
				"CODE_SIGN_IDENTITY[sdk=iphoneos*]" = "iPhone Developer";
				GCC_C_LANGUAGE_STANDARD = c99;
				GCC_WARN_ABOUT_RETURN_TYPE = YES;
				GCC_WARN_UNUSED_VARIABLE = YES;
				IPHONEOS_DEPLOYMENT_TARGET = 3.1;
				OTHER_CFLAGS = "-DNS_BLOCK_ASSERTIONS=1";
				OTHER_LDFLAGS = "";
				PREBINDING = NO;
				SDKROOT = iphoneos4.2;
			};
			name = Release;
		};
/* End XCBuildConfiguration section */

/* Begin XCConfigurationList section */
		1D6058960D05DD3E006BFB54 /* Build configuration list for PBXNativeTarget "Beacon" */ = {
			isa = XCConfigurationList;
			buildConfigurations = (
				1D6058940D05DD3E006BFB54 /* Debug */,
				1D6058950D05DD3E006BFB54 /* Release */,
			);
			defaultConfigurationIsVisible = 0;
			defaultConfigurationName = Release;
		};
		C01FCF4E08A954540054247B /* Build configuration list for PBXProject "Beacon" */ = {
			isa = XCConfigurationList;
			buildConfigurations = (
				C01FCF4F08A954540054247B /* Debug */,
				C01FCF5008A954540054247B /* Release */,
			);
			defaultConfigurationIsVisible = 0;
			defaultConfigurationName = Release;
		};
/* End XCConfigurationList section */
	};
	rootObject = 29B97313FDCFA39411CA2CEA /* Project object */;
}
