// !$*UTF8*$!
{
	archiveVersion = 1;
	classes = {
	};
	objectVersion = 45;
	objects = {

/* Begin PBXBuildFile section */
		1D3623260D0F684500981E51 /* SoSoAppDelegate.m in Sources */ = {isa = PBXBuildFile; fileRef = 1D3623250D0F684500981E51 /* SoSoAppDelegate.m */; };
		1D60589B0D05DD56006BFB54 /* main.mm in Sources */ = {isa = PBXBuildFile; fileRef = 29B97316FDCFA39411CA2CEA /* main.mm */; };
		1D60589F0D05DD5A006BFB54 /* Foundation.framework in Frameworks */ = {isa = PBXBuildFile; fileRef = 1D30AB110D05D00D00671497 /* Foundation.framework */; };
		1DF5F4E00D08C38300B7A737 /* UIKit.framework in Frameworks */ = {isa = PBXBuildFile; fileRef = 1DF5F4DF0D08C38300B7A737 /* UIKit.framework */; };
		28216C970DB411BC00E5133A /* MapController.m in Sources */ = {isa = PBXBuildFile; fileRef = 28216C960DB411BC00E5133A /* MapController.m */; };
		282CCBFE0DB6C98000C4EA27 /* SecondView.xib in Resources */ = {isa = PBXBuildFile; fileRef = 282CCBFD0DB6C98000C4EA27 /* SecondView.xib */; };
		2840D7CE1179279E00D7F93C /* FirstView.xib in Resources */ = {isa = PBXBuildFile; fileRef = 2840D7CD1179279E00D7F93C /* FirstView.xib */; };
		288765080DF74369002DB57D /* CoreGraphics.framework in Frameworks */ = {isa = PBXBuildFile; fileRef = 288765070DF74369002DB57D /* CoreGraphics.framework */; };
		28AD73880D9D96C1002E5188 /* MainWindow.xib in Resources */ = {isa = PBXBuildFile; fileRef = 28AD73870D9D96C1002E5188 /* MainWindow.xib */; };
		A61094FF129A2C3F00A92CA6 /* Friend.m in Sources */ = {isa = PBXBuildFile; fileRef = A61094FE129A2C3F00A92CA6 /* Friend.m */; };
		A6109502129A309A00A92CA6 /* SingleFriendController.m in Sources */ = {isa = PBXBuildFile; fileRef = A6109501129A309A00A92CA6 /* SingleFriendController.m */; };
		A610953B129A342000A92CA6 /* FriendsController.m in Sources */ = {isa = PBXBuildFile; fileRef = A6109539129A342000A92CA6 /* FriendsController.m */; };
		A610953C129A342000A92CA6 /* FriendsController.xib in Resources */ = {isa = PBXBuildFile; fileRef = A610953A129A342000A92CA6 /* FriendsController.xib */; };
		A610955D129A374E00A92CA6 /* ShareController.m in Sources */ = {isa = PBXBuildFile; fileRef = A610955B129A374E00A92CA6 /* ShareController.m */; };
		A610955E129A374E00A92CA6 /* ShareController.xib in Resources */ = {isa = PBXBuildFile; fileRef = A610955C129A374E00A92CA6 /* ShareController.xib */; };
		A61812AE129A235E00828935 /* 3dar.plist in Resources */ = {isa = PBXBuildFile; fileRef = A6181285129A235E00828935 /* 3dar.plist */; };
		A61812AF129A235E00828935 /* 3dar_logo.png in Resources */ = {isa = PBXBuildFile; fileRef = A6181286129A235E00828935 /* 3dar_logo.png */; };
		A61812B1129A235E00828935 /* SM3DAR_keys.txt in Resources */ = {isa = PBXBuildFile; fileRef = A6181289129A235E00828935 /* SM3DAR_keys.txt */; };
		A61812B2129A235E00828935 /* BSJSONEncoder.m in Sources */ = {isa = PBXBuildFile; fileRef = A618128C129A235E00828935 /* BSJSONEncoder.m */; };
		A61812B3129A235E00828935 /* NSArray+BSJSONAdditions.m in Sources */ = {isa = PBXBuildFile; fileRef = A618128E129A235E00828935 /* NSArray+BSJSONAdditions.m */; };
		A61812B4129A235E00828935 /* NSDictionary+BSJSONAdditions.m in Sources */ = {isa = PBXBuildFile; fileRef = A6181290129A235E00828935 /* NSDictionary+BSJSONAdditions.m */; };
		A61812B5129A235E00828935 /* NSScanner+BSJSONAdditions.m in Sources */ = {isa = PBXBuildFile; fileRef = A6181292129A235E00828935 /* NSScanner+BSJSONAdditions.m */; };
		A61812B6129A235E00828935 /* NSString+BSJSONAdditions.m in Sources */ = {isa = PBXBuildFile; fileRef = A6181294129A235E00828935 /* NSString+BSJSONAdditions.m */; };
		A61812B7129A235E00828935 /* ISO8601DateFormatter.m in Sources */ = {isa = PBXBuildFile; fileRef = A6181297129A235E00828935 /* ISO8601DateFormatter.m */; };
		A61812CA129A235E00828935 /* Reachability.m in Sources */ = {isa = PBXBuildFile; fileRef = A61812AD129A235E00828935 /* Reachability.m */; };
		A61812D2129A239900828935 /* SystemConfiguration.framework in Frameworks */ = {isa = PBXBuildFile; fileRef = A61812D1129A239900828935 /* SystemConfiguration.framework */; };
		A61812D8129A23AC00828935 /* CoreMotion.framework in Frameworks */ = {isa = PBXBuildFile; fileRef = A61812D7129A23AC00828935 /* CoreMotion.framework */; settings = {ATTRIBUTES = (Weak, ); }; };
		A61812DC129A23B600828935 /* QuartzCore.framework in Frameworks */ = {isa = PBXBuildFile; fileRef = A61812DB129A23B600828935 /* QuartzCore.framework */; };
		A61812E0129A23BA00828935 /* OpenGLES.framework in Frameworks */ = {isa = PBXBuildFile; fileRef = A61812DF129A23BA00828935 /* OpenGLES.framework */; };
		A638039812A75FB1009057BF /* Default.png in Resources */ = {isa = PBXBuildFile; fileRef = A638039612A75FB1009057BF /* Default.png */; };
		A638039912A75FB1009057BF /* Icon.png in Resources */ = {isa = PBXBuildFile; fileRef = A638039712A75FB1009057BF /* Icon.png */; };
		A63803BE12A761E1009057BF /* CDataScanner.m in Sources */ = {isa = PBXBuildFile; fileRef = A63803A912A761E0009057BF /* CDataScanner.m */; };
		A63803BF12A761E1009057BF /* CDataScanner_Extensions.m in Sources */ = {isa = PBXBuildFile; fileRef = A63803AC12A761E0009057BF /* CDataScanner_Extensions.m */; };
		A63803C012A761E1009057BF /* NSCharacterSet_Extensions.m in Sources */ = {isa = PBXBuildFile; fileRef = A63803AE12A761E0009057BF /* NSCharacterSet_Extensions.m */; };
		A63803C112A761E1009057BF /* NSDictionary_JSONExtensions.m in Sources */ = {isa = PBXBuildFile; fileRef = A63803B012A761E0009057BF /* NSDictionary_JSONExtensions.m */; };
		A63803C212A761E1009057BF /* NSScanner_Extensions.m in Sources */ = {isa = PBXBuildFile; fileRef = A63803B212A761E0009057BF /* NSScanner_Extensions.m */; };
		A63803C312A761E1009057BF /* CJSONDataSerializer.m in Sources */ = {isa = PBXBuildFile; fileRef = A63803B512A761E1009057BF /* CJSONDataSerializer.m */; };
		A63803C412A761E1009057BF /* CJSONDeserializer.m in Sources */ = {isa = PBXBuildFile; fileRef = A63803B712A761E1009057BF /* CJSONDeserializer.m */; };
		A63803C512A761E1009057BF /* CJSONScanner.m in Sources */ = {isa = PBXBuildFile; fileRef = A63803B912A761E1009057BF /* CJSONScanner.m */; };
		A63803C612A761E1009057BF /* CJSONSerializer.m in Sources */ = {isa = PBXBuildFile; fileRef = A63803BB12A761E1009057BF /* CJSONSerializer.m */; };
		A63803C712A761E1009057BF /* CSerializedJSONData.m in Sources */ = {isa = PBXBuildFile; fileRef = A63803BD12A761E1009057BF /* CSerializedJSONData.m */; };
		A645409A12A2158E0014F23C /* Beacon.xcdatamodel in Sources */ = {isa = PBXBuildFile; fileRef = A645409912A2158E0014F23C /* Beacon.xcdatamodel */; };
		A64540B012A217EB0014F23C /* CoreData.framework in Frameworks */ = {isa = PBXBuildFile; fileRef = A64540AF12A217EB0014F23C /* CoreData.framework */; };
		A64541A312A227590014F23C /* EmailController.m in Sources */ = {isa = PBXBuildFile; fileRef = A64541A212A227590014F23C /* EmailController.m */; };
		A64541A912A2282C0014F23C /* MessageUI.framework in Frameworks */ = {isa = PBXBuildFile; fileRef = A64541A812A2282C0014F23C /* MessageUI.framework */; };
		A64541E412A22BAD0014F23C /* invitation_email.html in Resources */ = {isa = PBXBuildFile; fileRef = A64541E312A22BAD0014F23C /* invitation_email.html */; };
		A645420912A231580014F23C /* InvitationController.m in Sources */ = {isa = PBXBuildFile; fileRef = A645420712A231580014F23C /* InvitationController.m */; };
		A645420A12A231580014F23C /* InvitationController.xib in Resources */ = {isa = PBXBuildFile; fileRef = A645420812A231580014F23C /* InvitationController.xib */; };
		A6605A7412EDE23700B03E25 /* LQDataViewController.xib in Resources */ = {isa = PBXBuildFile; fileRef = A6605A6F12EDE23600B03E25 /* LQDataViewController.xib */; };
		A6605A7512EDE23700B03E25 /* LQDataViewController.m in Sources */ = {isa = PBXBuildFile; fileRef = A6605A7112EDE23600B03E25 /* LQDataViewController.m */; };
		A6605A7612EDE23700B03E25 /* LQMappedSlider.m in Sources */ = {isa = PBXBuildFile; fileRef = A6605A7312EDE23700B03E25 /* LQMappedSlider.m */; };
		A6605AA012EDE3EE00B03E25 /* LQAboutViewController.m in Sources */ = {isa = PBXBuildFile; fileRef = A6605A9E12EDE3EE00B03E25 /* LQAboutViewController.m */; };
		A6605AA112EDE3EE00B03E25 /* LQAboutViewController.xib in Resources */ = {isa = PBXBuildFile; fileRef = A6605A9F12EDE3EE00B03E25 /* LQAboutViewController.xib */; };
		A6605B3212EDE91E00B03E25 /* 07-map-marker-shadow.png in Resources */ = {isa = PBXBuildFile; fileRef = A6605AE812EDE91E00B03E25 /* 07-map-marker-shadow.png */; };
		A6605B3312EDE91E00B03E25 /* 07-map-marker-shadow@2x.png in Resources */ = {isa = PBXBuildFile; fileRef = A6605AE912EDE91E00B03E25 /* 07-map-marker-shadow@2x.png */; };
		A6605B3412EDE91E00B03E25 /* 07-map-marker.png in Resources */ = {isa = PBXBuildFile; fileRef = A6605AEA12EDE91E00B03E25 /* 07-map-marker.png */; };
		A6605B3512EDE91E00B03E25 /* 07-map-marker@2x.png in Resources */ = {isa = PBXBuildFile; fileRef = A6605AEB12EDE91E00B03E25 /* 07-map-marker@2x.png */; };
		A6605B3612EDE91E00B03E25 /* 103-map.png in Resources */ = {isa = PBXBuildFile; fileRef = A6605AEC12EDE91E00B03E25 /* 103-map.png */; };
		A6605B3712EDE91E00B03E25 /* 103-map@2x.png in Resources */ = {isa = PBXBuildFile; fileRef = A6605AED12EDE91E00B03E25 /* 103-map@2x.png */; };
		A6605B3812EDE91E00B03E25 /* 106-sliders.png in Resources */ = {isa = PBXBuildFile; fileRef = A6605AEE12EDE91E00B03E25 /* 106-sliders.png */; };
		A6605B3912EDE91E00B03E25 /* 106-sliders@2x.png in Resources */ = {isa = PBXBuildFile; fileRef = A6605AEF12EDE91E00B03E25 /* 106-sliders@2x.png */; };
		A6605B3A12EDE91E00B03E25 /* 20-gear2.png in Resources */ = {isa = PBXBuildFile; fileRef = A6605AF012EDE91E00B03E25 /* 20-gear2.png */; };
		A6605B3B12EDE91E00B03E25 /* 20-gear2@2x.png in Resources */ = {isa = PBXBuildFile; fileRef = A6605AF112EDE91E00B03E25 /* 20-gear2@2x.png */; };
		A6605B3C12EDE91E00B03E25 /* 56-cloud.png in Resources */ = {isa = PBXBuildFile; fileRef = A6605AF212EDE91E00B03E25 /* 56-cloud.png */; };
		A6605B3D12EDE91E00B03E25 /* 56-cloud@2x.png in Resources */ = {isa = PBXBuildFile; fileRef = A6605AF312EDE91E00B03E25 /* 56-cloud@2x.png */; };
		A6605B3E12EDE91E00B03E25 /* screenshotGeonote.png in Resources */ = {isa = PBXBuildFile; fileRef = A6605AF512EDE91E00B03E25 /* screenshotGeonote.png */; };
		A6605B3F12EDE91E00B03E25 /* screenshotGeonote@2x.png in Resources */ = {isa = PBXBuildFile; fileRef = A6605AF612EDE91E00B03E25 /* screenshotGeonote@2x.png */; };
		A6605B4012EDE91E00B03E25 /* screenshotOnSwitch.png in Resources */ = {isa = PBXBuildFile; fileRef = A6605AF712EDE91E00B03E25 /* screenshotOnSwitch.png */; };
		A6605B4112EDE91E00B03E25 /* screenshotOnSwitch@2x.png in Resources */ = {isa = PBXBuildFile; fileRef = A6605AF812EDE91E00B03E25 /* screenshotOnSwitch@2x.png */; };
		A6605B4212EDE91E00B03E25 /* anonButton.png in Resources */ = {isa = PBXBuildFile; fileRef = A6605AF912EDE91E00B03E25 /* anonButton.png */; };
		A6605B4312EDE91E00B03E25 /* anonButton@2x.png in Resources */ = {isa = PBXBuildFile; fileRef = A6605AFA12EDE91E00B03E25 /* anonButton@2x.png */; };
		A6605B4412EDE91E00B03E25 /* arrow.png in Resources */ = {isa = PBXBuildFile; fileRef = A6605AFB12EDE91E00B03E25 /* arrow.png */; };
		A6605B4512EDE91E00B03E25 /* backgroundTexture.png in Resources */ = {isa = PBXBuildFile; fileRef = A6605AFC12EDE91E00B03E25 /* backgroundTexture.png */; };
		A6605B4612EDE91E00B03E25 /* backgroundTexture@2x.png in Resources */ = {isa = PBXBuildFile; fileRef = A6605AFD12EDE91E00B03E25 /* backgroundTexture@2x.png */; };
		A6605B4712EDE91E00B03E25 /* BlueButton.m in Sources */ = {isa = PBXBuildFile; fileRef = A6605AFF12EDE91E00B03E25 /* BlueButton.m */; };
		A6605B4812EDE91E00B03E25 /* blueButton.png in Resources */ = {isa = PBXBuildFile; fileRef = A6605B0012EDE91E00B03E25 /* blueButton.png */; };
		A6605B4912EDE91E00B03E25 /* blueButton@2x.png in Resources */ = {isa = PBXBuildFile; fileRef = A6605B0112EDE91E00B03E25 /* blueButton@2x.png */; };
		A6605B4A12EDE91E00B03E25 /* checkinButton.png in Resources */ = {isa = PBXBuildFile; fileRef = A6605B0212EDE91E00B03E25 /* checkinButton.png */; };
		A6605B4B12EDE91E00B03E25 /* checkinButton@2x.png in Resources */ = {isa = PBXBuildFile; fileRef = A6605B0312EDE91E00B03E25 /* checkinButton@2x.png */; };
		A6605B4C12EDE91E00B03E25 /* checkinButtonDisabled.png in Resources */ = {isa = PBXBuildFile; fileRef = A6605B0412EDE91E00B03E25 /* checkinButtonDisabled.png */; };
		A6605B4D12EDE91E00B03E25 /* checkinButtonDisabled@2x.png in Resources */ = {isa = PBXBuildFile; fileRef = A6605B0512EDE91E00B03E25 /* checkinButtonDisabled@2x.png */; };
		A6605B4E12EDE91E00B03E25 /* CustomUISwitch.m in Sources */ = {isa = PBXBuildFile; fileRef = A6605B0712EDE91E00B03E25 /* CustomUISwitch.m */; };
		A6605B4F12EDE91E00B03E25 /* geonote-icon.png in Resources */ = {isa = PBXBuildFile; fileRef = A6605B0812EDE91E00B03E25 /* geonote-icon.png */; };
		A6605B5012EDE91E00B03E25 /* geonote-icon@2x.png in Resources */ = {isa = PBXBuildFile; fileRef = A6605B0912EDE91E00B03E25 /* geonote-icon@2x.png */; };
		A6605B5112EDE91E00B03E25 /* layerHeaderBkg.png in Resources */ = {isa = PBXBuildFile; fileRef = A6605B0A12EDE91E00B03E25 /* layerHeaderBkg.png */; };
		A6605B5212EDE91E00B03E25 /* layerHeaderBkg@2x.png in Resources */ = {isa = PBXBuildFile; fileRef = A6605B0B12EDE91E00B03E25 /* layerHeaderBkg@2x.png */; };
		A6605B5312EDE91E00B03E25 /* layers-icon.png in Resources */ = {isa = PBXBuildFile; fileRef = A6605B0C12EDE91E00B03E25 /* layers-icon.png */; };
		A6605B5412EDE91E00B03E25 /* layers-icon@2x.png in Resources */ = {isa = PBXBuildFile; fileRef = A6605B0D12EDE91E00B03E25 /* layers-icon@2x.png */; };
		A6605B5512EDE91E00B03E25 /* LQButton.png in Resources */ = {isa = PBXBuildFile; fileRef = A6605B0E12EDE91E00B03E25 /* LQButton.png */; };
		A6605B5612EDE91E00B03E25 /* LQButton@2x.png in Resources */ = {isa = PBXBuildFile; fileRef = A6605B0F12EDE91E00B03E25 /* LQButton@2x.png */; };
		A6605B5712EDE91E00B03E25 /* LQButtonDisabled.png in Resources */ = {isa = PBXBuildFile; fileRef = A6605B1012EDE91E00B03E25 /* LQButtonDisabled.png */; };
		A6605B5812EDE91E00B03E25 /* LQButtonDisabled@2x.png in Resources */ = {isa = PBXBuildFile; fileRef = A6605B1112EDE91E00B03E25 /* LQButtonDisabled@2x.png */; };
		A6605B5912EDE91E00B03E25 /* LQButtonLightDisabled.png in Resources */ = {isa = PBXBuildFile; fileRef = A6605B1212EDE91E00B03E25 /* LQButtonLightDisabled.png */; };
		A6605B5A12EDE91E00B03E25 /* LQButtonLightDisabled@2x.png in Resources */ = {isa = PBXBuildFile; fileRef = A6605B1312EDE91E00B03E25 /* LQButtonLightDisabled@2x.png */; };
		A6605B5B12EDE91E00B03E25 /* map-x.png in Resources */ = {isa = PBXBuildFile; fileRef = A6605B1412EDE91E00B03E25 /* map-x.png */; };
		A6605B5C12EDE91E00B03E25 /* map-x@2x.png in Resources */ = {isa = PBXBuildFile; fileRef = A6605B1512EDE91E00B03E25 /* map-x@2x.png */; };
		A6605B5D12EDE91E00B03E25 /* signin-btn.png in Resources */ = {isa = PBXBuildFile; fileRef = A6605B1612EDE91E00B03E25 /* signin-btn.png */; };
		A6605B5E12EDE91E00B03E25 /* signin-btn@2x.png in Resources */ = {isa = PBXBuildFile; fileRef = A6605B1712EDE91E00B03E25 /* signin-btn@2x.png */; };
		A6605B5F12EDE91E00B03E25 /* small-btn.png in Resources */ = {isa = PBXBuildFile; fileRef = A6605B1812EDE91E00B03E25 /* small-btn.png */; };
		A6605B6012EDE91E00B03E25 /* small-btn@2x.png in Resources */ = {isa = PBXBuildFile; fileRef = A6605B1912EDE91E00B03E25 /* small-btn@2x.png */; };
		A6605B6112EDE91E00B03E25 /* spinnerBkg.png in Resources */ = {isa = PBXBuildFile; fileRef = A6605B1A12EDE91E00B03E25 /* spinnerBkg.png */; };
		A6605B6212EDE91E00B03E25 /* spinnerBkg@2x.png in Resources */ = {isa = PBXBuildFile; fileRef = A6605B1B12EDE91E00B03E25 /* spinnerBkg@2x.png */; };
		A6605B6312EDE91E00B03E25 /* switch_dark.png in Resources */ = {isa = PBXBuildFile; fileRef = A6605B1C12EDE91E00B03E25 /* switch_dark.png */; };
		A6605B6412EDE91E00B03E25 /* switch_dark@2x.png in Resources */ = {isa = PBXBuildFile; fileRef = A6605B1D12EDE91E00B03E25 /* switch_dark@2x.png */; };
		A6605B6512EDE91E00B03E25 /* switch_dark_off.png in Resources */ = {isa = PBXBuildFile; fileRef = A6605B1E12EDE91E00B03E25 /* switch_dark_off.png */; };
		A6605B6612EDE91E00B03E25 /* switch_dark_off@2x.png in Resources */ = {isa = PBXBuildFile; fileRef = A6605B1F12EDE91E00B03E25 /* switch_dark_off@2x.png */; };
		A6605B6712EDE91E00B03E25 /* switch_dark_on.png in Resources */ = {isa = PBXBuildFile; fileRef = A6605B2012EDE91E00B03E25 /* switch_dark_on.png */; };
		A6605B6812EDE91E00B03E25 /* switch_dark_on@2x.png in Resources */ = {isa = PBXBuildFile; fileRef = A6605B2112EDE91E00B03E25 /* switch_dark_on@2x.png */; };
		A6605B6912EDE91E00B03E25 /* switch_red.png in Resources */ = {isa = PBXBuildFile; fileRef = A6605B2212EDE91E00B03E25 /* switch_red.png */; };
		A6605B6A12EDE91E00B03E25 /* switch_red_off.png in Resources */ = {isa = PBXBuildFile; fileRef = A6605B2312EDE91E00B03E25 /* switch_red_off.png */; };
		A6605B6B12EDE91E00B03E25 /* switch_red_on.png in Resources */ = {isa = PBXBuildFile; fileRef = A6605B2412EDE91E00B03E25 /* switch_red_on.png */; };
		A6605B6C12EDE91E00B03E25 /* textboxBackground.png in Resources */ = {isa = PBXBuildFile; fileRef = A6605B2512EDE91E00B03E25 /* textboxBackground.png */; };
		A6605B6D12EDE91E00B03E25 /* textboxBackground@2x.png in Resources */ = {isa = PBXBuildFile; fileRef = A6605B2612EDE91E00B03E25 /* textboxBackground@2x.png */; };
		A6605B6E12EDE91E00B03E25 /* textboxBackgroundLarge.png in Resources */ = {isa = PBXBuildFile; fileRef = A6605B2712EDE91E00B03E25 /* textboxBackgroundLarge.png */; };
		A6605B6F12EDE91E00B03E25 /* textboxBackgroundLarge@2x.png in Resources */ = {isa = PBXBuildFile; fileRef = A6605B2812EDE91E00B03E25 /* textboxBackgroundLarge@2x.png */; };
		A6605B7012EDE91E00B03E25 /* title-bar-bkg.png in Resources */ = {isa = PBXBuildFile; fileRef = A6605B2912EDE91E00B03E25 /* title-bar-bkg.png */; };
		A6605B7112EDE91E00B03E25 /* title-bar-bkg@2x.png in Resources */ = {isa = PBXBuildFile; fileRef = A6605B2A12EDE91E00B03E25 /* title-bar-bkg@2x.png */; };
		A6605B7212EDE91E00B03E25 /* title-bar-logo.png in Resources */ = {isa = PBXBuildFile; fileRef = A6605B2B12EDE91E00B03E25 /* title-bar-logo.png */; };
		A6605B7312EDE91E00B03E25 /* title-bar-logo@2x.png in Resources */ = {isa = PBXBuildFile; fileRef = A6605B2C12EDE91E00B03E25 /* title-bar-logo@2x.png */; };
		A6605B7412EDE91E00B03E25 /* ToolbarLocate.png in Resources */ = {isa = PBXBuildFile; fileRef = A6605B2D12EDE91E00B03E25 /* ToolbarLocate.png */; };
		A6605B7512EDE91E00B03E25 /* welcome-bottom.png in Resources */ = {isa = PBXBuildFile; fileRef = A6605B2E12EDE91E00B03E25 /* welcome-bottom.png */; };
		A6605B7612EDE91E00B03E25 /* welcome-bottom@2x.png in Resources */ = {isa = PBXBuildFile; fileRef = A6605B2F12EDE91E00B03E25 /* welcome-bottom@2x.png */; };
		A6605B7712EDE91E00B03E25 /* welcome-top.png in Resources */ = {isa = PBXBuildFile; fileRef = A6605B3012EDE91E00B03E25 /* welcome-top.png */; };
		A6605B7812EDE91E00B03E25 /* welcome-top@2x.png in Resources */ = {isa = PBXBuildFile; fileRef = A6605B3112EDE91E00B03E25 /* welcome-top@2x.png */; };
		A67394F312C2F3460075AA68 /* MapController.xib in Resources */ = {isa = PBXBuildFile; fileRef = A67394F212C2F3460075AA68 /* MapController.xib */; };
		A679D9B4129A25AC0043FECC /* MapKit.framework in Frameworks */ = {isa = PBXBuildFile; fileRef = A679D9B3129A25AC0043FECC /* MapKit.framework */; };
		A679D9BA129A25BB0043FECC /* CoreLocation.framework in Frameworks */ = {isa = PBXBuildFile; fileRef = A679D9B9129A25BB0043FECC /* CoreLocation.framework */; };
		A6981E5912E2DCF30087245B /* lib3DAR.a in Frameworks */ = {isa = PBXBuildFile; fileRef = A6981E5812E2DCF30087245B /* lib3DAR.a */; };
		A6981EBD12E2E2AD0087245B /* NicknameController.m in Sources */ = {isa = PBXBuildFile; fileRef = A6981EBB12E2E2AD0087245B /* NicknameController.m */; };
		A6981EBE12E2E2AD0087245B /* NicknameController.xib in Resources */ = {isa = PBXBuildFile; fileRef = A6981EBC12E2E2AD0087245B /* NicknameController.xib */; };
		A6981F8612E304580087245B /* libGeoloqi.a in Frameworks */ = {isa = PBXBuildFile; fileRef = A6981F8512E304580087245B /* libGeoloqi.a */; };
		A6985B6D12B4B74E00C28BF8 /* SphereView.m in Sources */ = {isa = PBXBuildFile; fileRef = A6985B6C12B4B74E00C28BF8 /* SphereView.m */; };
		A6985B7C12B4B89A00C28BF8 /* TexturedGeometryView.m in Sources */ = {isa = PBXBuildFile; fileRef = A6985B7B12B4B89A00C28BF8 /* TexturedGeometryView.m */; };
		A6E76B4712EA87F4007C5B5B /* PeerSessionManager.m in Sources */ = {isa = PBXBuildFile; fileRef = A6E76B4612EA87F4007C5B5B /* PeerSessionManager.m */; };
		A6E76B4912EA8828007C5B5B /* GameKit.framework in Frameworks */ = {isa = PBXBuildFile; fileRef = A6E76B4812EA8828007C5B5B /* GameKit.framework */; };
		A6E76B6612EA8BAD007C5B5B /* PeerLobbyController.m in Sources */ = {isa = PBXBuildFile; fileRef = A6E76B6512EA8BAD007C5B5B /* PeerLobbyController.m */; };
		A6E76B7F12EA8DF0007C5B5B /* PeerLobbyController.xib in Resources */ = {isa = PBXBuildFile; fileRef = A6E76B7E12EA8DF0007C5B5B /* PeerLobbyController.xib */; };
		A6E76BC212EA92FB007C5B5B /* FriendManagerController.m in Sources */ = {isa = PBXBuildFile; fileRef = A6E76BC012EA92FB007C5B5B /* FriendManagerController.m */; };
		A6E76BC312EA92FB007C5B5B /* FriendManagerController.xib in Resources */ = {isa = PBXBuildFile; fileRef = A6E76BC112EA92FB007C5B5B /* FriendManagerController.xib */; };
/* End PBXBuildFile section */

/* Begin PBXFileReference section */
		1D30AB110D05D00D00671497 /* Foundation.framework */ = {isa = PBXFileReference; lastKnownFileType = wrapper.framework; name = Foundation.framework; path = System/Library/Frameworks/Foundation.framework; sourceTree = SDKROOT; };
		1D3623240D0F684500981E51 /* SoSoAppDelegate.h */ = {isa = PBXFileReference; fileEncoding = 4; lastKnownFileType = sourcecode.c.h; path = SoSoAppDelegate.h; sourceTree = "<group>"; };
		1D3623250D0F684500981E51 /* SoSoAppDelegate.m */ = {isa = PBXFileReference; fileEncoding = 4; lastKnownFileType = sourcecode.c.objc; path = SoSoAppDelegate.m; sourceTree = "<group>"; };
		1D6058910D05DD3D006BFB54 /* Social Sonar.app */ = {isa = PBXFileReference; explicitFileType = wrapper.application; includeInIndex = 0; path = "Social Sonar.app"; sourceTree = BUILT_PRODUCTS_DIR; };
		1DF5F4DF0D08C38300B7A737 /* UIKit.framework */ = {isa = PBXFileReference; lastKnownFileType = wrapper.framework; name = UIKit.framework; path = System/Library/Frameworks/UIKit.framework; sourceTree = SDKROOT; };
		28216C950DB411BC00E5133A /* MapController.h */ = {isa = PBXFileReference; fileEncoding = 4; lastKnownFileType = sourcecode.c.h; path = MapController.h; sourceTree = "<group>"; };
		28216C960DB411BC00E5133A /* MapController.m */ = {isa = PBXFileReference; fileEncoding = 4; lastKnownFileType = sourcecode.c.objc; path = MapController.m; sourceTree = "<group>"; };
		282CCBFD0DB6C98000C4EA27 /* SecondView.xib */ = {isa = PBXFileReference; lastKnownFileType = file.xib; path = SecondView.xib; sourceTree = "<group>"; };
		2840D7CD1179279E00D7F93C /* FirstView.xib */ = {isa = PBXFileReference; lastKnownFileType = file.xib; path = FirstView.xib; sourceTree = "<group>"; };
		288765070DF74369002DB57D /* CoreGraphics.framework */ = {isa = PBXFileReference; lastKnownFileType = wrapper.framework; name = CoreGraphics.framework; path = System/Library/Frameworks/CoreGraphics.framework; sourceTree = SDKROOT; };
		28A0AB4B0D9B1048005BE974 /* SocialSonar_Prefix.pch */ = {isa = PBXFileReference; fileEncoding = 4; lastKnownFileType = sourcecode.c.h; path = SocialSonar_Prefix.pch; sourceTree = "<group>"; };
		28AD73870D9D96C1002E5188 /* MainWindow.xib */ = {isa = PBXFileReference; lastKnownFileType = file.xib; path = MainWindow.xib; sourceTree = "<group>"; };
		29B97316FDCFA39411CA2CEA /* main.mm */ = {isa = PBXFileReference; fileEncoding = 4; lastKnownFileType = sourcecode.cpp.objcpp; path = main.mm; sourceTree = "<group>"; };
		8D1107310486CEB800E47090 /* SocialSonar-Info.plist */ = {isa = PBXFileReference; fileEncoding = 4; lastKnownFileType = text.plist.xml; path = "SocialSonar-Info.plist"; plistStructureDefinitionIdentifier = "com.apple.xcode.plist.structure-definition.iphone.info-plist"; sourceTree = "<group>"; };
		A61094FE129A2C3F00A92CA6 /* Friend.m */ = {isa = PBXFileReference; fileEncoding = 4; lastKnownFileType = sourcecode.c.objc; path = Friend.m; sourceTree = "<group>"; };
		A6109500129A309A00A92CA6 /* SingleFriendController.h */ = {isa = PBXFileReference; fileEncoding = 4; lastKnownFileType = sourcecode.c.h; path = SingleFriendController.h; sourceTree = "<group>"; };
		A6109501129A309A00A92CA6 /* SingleFriendController.m */ = {isa = PBXFileReference; fileEncoding = 4; lastKnownFileType = sourcecode.c.objc; path = SingleFriendController.m; sourceTree = "<group>"; };
		A6109538129A342000A92CA6 /* FriendsController.h */ = {isa = PBXFileReference; fileEncoding = 4; lastKnownFileType = sourcecode.c.h; path = FriendsController.h; sourceTree = "<group>"; };
		A6109539129A342000A92CA6 /* FriendsController.m */ = {isa = PBXFileReference; fileEncoding = 4; lastKnownFileType = sourcecode.c.objc; path = FriendsController.m; sourceTree = "<group>"; };
		A610953A129A342000A92CA6 /* FriendsController.xib */ = {isa = PBXFileReference; lastKnownFileType = file.xib; path = FriendsController.xib; sourceTree = "<group>"; };
		A610955A129A374E00A92CA6 /* ShareController.h */ = {isa = PBXFileReference; fileEncoding = 4; lastKnownFileType = sourcecode.c.h; path = ShareController.h; sourceTree = "<group>"; };
		A610955B129A374E00A92CA6 /* ShareController.m */ = {isa = PBXFileReference; fileEncoding = 4; lastKnownFileType = sourcecode.c.objc; path = ShareController.m; sourceTree = "<group>"; };
		A610955C129A374E00A92CA6 /* ShareController.xib */ = {isa = PBXFileReference; lastKnownFileType = file.xib; path = ShareController.xib; sourceTree = "<group>"; };
		A6181285129A235E00828935 /* 3dar.plist */ = {isa = PBXFileReference; fileEncoding = 4; lastKnownFileType = text.plist.xml; path = 3dar.plist; sourceTree = "<group>"; };
		A6181286129A235E00828935 /* 3dar_logo.png */ = {isa = PBXFileReference; lastKnownFileType = image.png; path = 3dar_logo.png; sourceTree = "<group>"; };
		A6181288129A235E00828935 /* SM3DAR.h */ = {isa = PBXFileReference; fileEncoding = 4; lastKnownFileType = sourcecode.c.h; path = SM3DAR.h; sourceTree = "<group>"; };
		A6181289129A235E00828935 /* SM3DAR_keys.txt */ = {isa = PBXFileReference; fileEncoding = 4; lastKnownFileType = text; path = SM3DAR_keys.txt; sourceTree = "<group>"; };
		A618128B129A235E00828935 /* BSJSONEncoder.h */ = {isa = PBXFileReference; fileEncoding = 4; lastKnownFileType = sourcecode.c.h; path = BSJSONEncoder.h; sourceTree = "<group>"; };
		A618128C129A235E00828935 /* BSJSONEncoder.m */ = {isa = PBXFileReference; fileEncoding = 4; lastKnownFileType = sourcecode.c.objc; path = BSJSONEncoder.m; sourceTree = "<group>"; };
		A618128D129A235E00828935 /* NSArray+BSJSONAdditions.h */ = {isa = PBXFileReference; fileEncoding = 4; lastKnownFileType = sourcecode.c.h; path = "NSArray+BSJSONAdditions.h"; sourceTree = "<group>"; };
		A618128E129A235E00828935 /* NSArray+BSJSONAdditions.m */ = {isa = PBXFileReference; fileEncoding = 4; lastKnownFileType = sourcecode.c.objc; path = "NSArray+BSJSONAdditions.m"; sourceTree = "<group>"; };
		A618128F129A235E00828935 /* NSDictionary+BSJSONAdditions.h */ = {isa = PBXFileReference; fileEncoding = 4; lastKnownFileType = sourcecode.c.h; path = "NSDictionary+BSJSONAdditions.h"; sourceTree = "<group>"; };
		A6181290129A235E00828935 /* NSDictionary+BSJSONAdditions.m */ = {isa = PBXFileReference; fileEncoding = 4; lastKnownFileType = sourcecode.c.objc; path = "NSDictionary+BSJSONAdditions.m"; sourceTree = "<group>"; };
		A6181291129A235E00828935 /* NSScanner+BSJSONAdditions.h */ = {isa = PBXFileReference; fileEncoding = 4; lastKnownFileType = sourcecode.c.h; path = "NSScanner+BSJSONAdditions.h"; sourceTree = "<group>"; };
		A6181292129A235E00828935 /* NSScanner+BSJSONAdditions.m */ = {isa = PBXFileReference; fileEncoding = 4; lastKnownFileType = sourcecode.c.objc; path = "NSScanner+BSJSONAdditions.m"; sourceTree = "<group>"; };
		A6181293129A235E00828935 /* NSString+BSJSONAdditions.h */ = {isa = PBXFileReference; fileEncoding = 4; lastKnownFileType = sourcecode.c.h; path = "NSString+BSJSONAdditions.h"; sourceTree = "<group>"; };
		A6181294129A235E00828935 /* NSString+BSJSONAdditions.m */ = {isa = PBXFileReference; fileEncoding = 4; lastKnownFileType = sourcecode.c.objc; path = "NSString+BSJSONAdditions.m"; sourceTree = "<group>"; };
		A6181296129A235E00828935 /* ISO8601DateFormatter.h */ = {isa = PBXFileReference; fileEncoding = 4; lastKnownFileType = sourcecode.c.h; path = ISO8601DateFormatter.h; sourceTree = "<group>"; };
		A6181297129A235E00828935 /* ISO8601DateFormatter.m */ = {isa = PBXFileReference; fileEncoding = 4; lastKnownFileType = sourcecode.c.objc; path = ISO8601DateFormatter.m; sourceTree = "<group>"; };
		A61812AC129A235E00828935 /* Reachability.h */ = {isa = PBXFileReference; fileEncoding = 4; lastKnownFileType = sourcecode.c.h; path = Reachability.h; sourceTree = "<group>"; };
		A61812AD129A235E00828935 /* Reachability.m */ = {isa = PBXFileReference; fileEncoding = 4; lastKnownFileType = sourcecode.c.objc; path = Reachability.m; sourceTree = "<group>"; };
		A61812D1129A239900828935 /* SystemConfiguration.framework */ = {isa = PBXFileReference; lastKnownFileType = wrapper.framework; name = SystemConfiguration.framework; path = System/Library/Frameworks/SystemConfiguration.framework; sourceTree = SDKROOT; };
		A61812D7129A23AC00828935 /* CoreMotion.framework */ = {isa = PBXFileReference; lastKnownFileType = wrapper.framework; name = CoreMotion.framework; path = System/Library/Frameworks/CoreMotion.framework; sourceTree = SDKROOT; };
		A61812DB129A23B600828935 /* QuartzCore.framework */ = {isa = PBXFileReference; lastKnownFileType = wrapper.framework; name = QuartzCore.framework; path = System/Library/Frameworks/QuartzCore.framework; sourceTree = SDKROOT; };
		A61812DF129A23BA00828935 /* OpenGLES.framework */ = {isa = PBXFileReference; lastKnownFileType = wrapper.framework; name = OpenGLES.framework; path = System/Library/Frameworks/OpenGLES.framework; sourceTree = SDKROOT; };
		A638036712A75E14009057BF /* Geoloqi.h */ = {isa = PBXFileReference; fileEncoding = 4; lastKnownFileType = sourcecode.c.h; path = Geoloqi.h; sourceTree = "<group>"; };
		A638039612A75FB1009057BF /* Default.png */ = {isa = PBXFileReference; lastKnownFileType = image.png; path = Default.png; sourceTree = "<group>"; };
		A638039712A75FB1009057BF /* Icon.png */ = {isa = PBXFileReference; lastKnownFileType = image.png; path = Icon.png; sourceTree = "<group>"; };
		A63803A812A761E0009057BF /* CDataScanner.h */ = {isa = PBXFileReference; fileEncoding = 4; lastKnownFileType = sourcecode.c.h; path = CDataScanner.h; sourceTree = "<group>"; };
		A63803A912A761E0009057BF /* CDataScanner.m */ = {isa = PBXFileReference; fileEncoding = 4; lastKnownFileType = sourcecode.c.objc; path = CDataScanner.m; sourceTree = "<group>"; };
		A63803AB12A761E0009057BF /* CDataScanner_Extensions.h */ = {isa = PBXFileReference; fileEncoding = 4; lastKnownFileType = sourcecode.c.h; path = CDataScanner_Extensions.h; sourceTree = "<group>"; };
		A63803AC12A761E0009057BF /* CDataScanner_Extensions.m */ = {isa = PBXFileReference; fileEncoding = 4; lastKnownFileType = sourcecode.c.objc; path = CDataScanner_Extensions.m; sourceTree = "<group>"; };
		A63803AD12A761E0009057BF /* NSCharacterSet_Extensions.h */ = {isa = PBXFileReference; fileEncoding = 4; lastKnownFileType = sourcecode.c.h; path = NSCharacterSet_Extensions.h; sourceTree = "<group>"; };
		A63803AE12A761E0009057BF /* NSCharacterSet_Extensions.m */ = {isa = PBXFileReference; fileEncoding = 4; lastKnownFileType = sourcecode.c.objc; path = NSCharacterSet_Extensions.m; sourceTree = "<group>"; };
		A63803AF12A761E0009057BF /* NSDictionary_JSONExtensions.h */ = {isa = PBXFileReference; fileEncoding = 4; lastKnownFileType = sourcecode.c.h; path = NSDictionary_JSONExtensions.h; sourceTree = "<group>"; };
		A63803B012A761E0009057BF /* NSDictionary_JSONExtensions.m */ = {isa = PBXFileReference; fileEncoding = 4; lastKnownFileType = sourcecode.c.objc; path = NSDictionary_JSONExtensions.m; sourceTree = "<group>"; };
		A63803B112A761E0009057BF /* NSScanner_Extensions.h */ = {isa = PBXFileReference; fileEncoding = 4; lastKnownFileType = sourcecode.c.h; path = NSScanner_Extensions.h; sourceTree = "<group>"; };
		A63803B212A761E0009057BF /* NSScanner_Extensions.m */ = {isa = PBXFileReference; fileEncoding = 4; lastKnownFileType = sourcecode.c.objc; path = NSScanner_Extensions.m; sourceTree = "<group>"; };
		A63803B412A761E0009057BF /* CJSONDataSerializer.h */ = {isa = PBXFileReference; fileEncoding = 4; lastKnownFileType = sourcecode.c.h; path = CJSONDataSerializer.h; sourceTree = "<group>"; };
		A63803B512A761E1009057BF /* CJSONDataSerializer.m */ = {isa = PBXFileReference; fileEncoding = 4; lastKnownFileType = sourcecode.c.objc; path = CJSONDataSerializer.m; sourceTree = "<group>"; };
		A63803B612A761E1009057BF /* CJSONDeserializer.h */ = {isa = PBXFileReference; fileEncoding = 4; lastKnownFileType = sourcecode.c.h; path = CJSONDeserializer.h; sourceTree = "<group>"; };
		A63803B712A761E1009057BF /* CJSONDeserializer.m */ = {isa = PBXFileReference; fileEncoding = 4; lastKnownFileType = sourcecode.c.objc; path = CJSONDeserializer.m; sourceTree = "<group>"; };
		A63803B812A761E1009057BF /* CJSONScanner.h */ = {isa = PBXFileReference; fileEncoding = 4; lastKnownFileType = sourcecode.c.h; path = CJSONScanner.h; sourceTree = "<group>"; };
		A63803B912A761E1009057BF /* CJSONScanner.m */ = {isa = PBXFileReference; fileEncoding = 4; lastKnownFileType = sourcecode.c.objc; path = CJSONScanner.m; sourceTree = "<group>"; };
		A63803BA12A761E1009057BF /* CJSONSerializer.h */ = {isa = PBXFileReference; fileEncoding = 4; lastKnownFileType = sourcecode.c.h; path = CJSONSerializer.h; sourceTree = "<group>"; };
		A63803BB12A761E1009057BF /* CJSONSerializer.m */ = {isa = PBXFileReference; fileEncoding = 4; lastKnownFileType = sourcecode.c.objc; path = CJSONSerializer.m; sourceTree = "<group>"; };
		A63803BC12A761E1009057BF /* CSerializedJSONData.h */ = {isa = PBXFileReference; fileEncoding = 4; lastKnownFileType = sourcecode.c.h; path = CSerializedJSONData.h; sourceTree = "<group>"; };
		A63803BD12A761E1009057BF /* CSerializedJSONData.m */ = {isa = PBXFileReference; fileEncoding = 4; lastKnownFileType = sourcecode.c.objc; path = CSerializedJSONData.m; sourceTree = "<group>"; };
		A645409912A2158E0014F23C /* Beacon.xcdatamodel */ = {isa = PBXFileReference; fileEncoding = 4; lastKnownFileType = wrapper.xcdatamodel; path = Beacon.xcdatamodel; sourceTree = "<group>"; };
		A645409C12A216770014F23C /* Friend.h */ = {isa = PBXFileReference; fileEncoding = 4; lastKnownFileType = sourcecode.c.h; path = Friend.h; sourceTree = "<group>"; };
		A64540AF12A217EB0014F23C /* CoreData.framework */ = {isa = PBXFileReference; lastKnownFileType = wrapper.framework; name = CoreData.framework; path = System/Library/Frameworks/CoreData.framework; sourceTree = SDKROOT; };
		A64541A112A227590014F23C /* EmailController.h */ = {isa = PBXFileReference; fileEncoding = 4; lastKnownFileType = sourcecode.c.h; path = EmailController.h; sourceTree = "<group>"; };
		A64541A212A227590014F23C /* EmailController.m */ = {isa = PBXFileReference; fileEncoding = 4; lastKnownFileType = sourcecode.c.objc; path = EmailController.m; sourceTree = "<group>"; };
		A64541A812A2282C0014F23C /* MessageUI.framework */ = {isa = PBXFileReference; lastKnownFileType = wrapper.framework; name = MessageUI.framework; path = System/Library/Frameworks/MessageUI.framework; sourceTree = SDKROOT; };
		A64541E312A22BAD0014F23C /* invitation_email.html */ = {isa = PBXFileReference; fileEncoding = 4; lastKnownFileType = text.html; path = invitation_email.html; sourceTree = "<group>"; };
		A645420612A231580014F23C /* InvitationController.h */ = {isa = PBXFileReference; fileEncoding = 4; lastKnownFileType = sourcecode.c.h; path = InvitationController.h; sourceTree = "<group>"; };
		A645420712A231580014F23C /* InvitationController.m */ = {isa = PBXFileReference; fileEncoding = 4; lastKnownFileType = sourcecode.c.objc; path = InvitationController.m; sourceTree = "<group>"; };
		A645420812A231580014F23C /* InvitationController.xib */ = {isa = PBXFileReference; lastKnownFileType = file.xib; path = InvitationController.xib; sourceTree = "<group>"; };
		A6605A6F12EDE23600B03E25 /* LQDataViewController.xib */ = {isa = PBXFileReference; lastKnownFileType = file.xib; path = LQDataViewController.xib; sourceTree = "<group>"; };
		A6605A7012EDE23600B03E25 /* LQDataViewController.h */ = {isa = PBXFileReference; fileEncoding = 4; lastKnownFileType = sourcecode.c.h; path = LQDataViewController.h; sourceTree = "<group>"; };
		A6605A7112EDE23600B03E25 /* LQDataViewController.m */ = {isa = PBXFileReference; fileEncoding = 4; lastKnownFileType = sourcecode.c.objc; path = LQDataViewController.m; sourceTree = "<group>"; };
		A6605A7212EDE23700B03E25 /* LQMappedSlider.h */ = {isa = PBXFileReference; fileEncoding = 4; lastKnownFileType = sourcecode.c.h; path = LQMappedSlider.h; sourceTree = "<group>"; };
		A6605A7312EDE23700B03E25 /* LQMappedSlider.m */ = {isa = PBXFileReference; fileEncoding = 4; lastKnownFileType = sourcecode.c.objc; path = LQMappedSlider.m; sourceTree = "<group>"; };
		A6605A9D12EDE3EE00B03E25 /* LQAboutViewController.h */ = {isa = PBXFileReference; fileEncoding = 4; lastKnownFileType = sourcecode.c.h; path = LQAboutViewController.h; sourceTree = "<group>"; };
		A6605A9E12EDE3EE00B03E25 /* LQAboutViewController.m */ = {isa = PBXFileReference; fileEncoding = 4; lastKnownFileType = sourcecode.c.objc; path = LQAboutViewController.m; sourceTree = "<group>"; };
		A6605A9F12EDE3EE00B03E25 /* LQAboutViewController.xib */ = {isa = PBXFileReference; lastKnownFileType = file.xib; path = LQAboutViewController.xib; sourceTree = "<group>"; };
		A6605AE812EDE91E00B03E25 /* 07-map-marker-shadow.png */ = {isa = PBXFileReference; lastKnownFileType = image.png; path = "07-map-marker-shadow.png"; sourceTree = "<group>"; };
		A6605AE912EDE91E00B03E25 /* 07-map-marker-shadow@2x.png */ = {isa = PBXFileReference; lastKnownFileType = image.png; path = "07-map-marker-shadow@2x.png"; sourceTree = "<group>"; };
		A6605AEA12EDE91E00B03E25 /* 07-map-marker.png */ = {isa = PBXFileReference; lastKnownFileType = image.png; path = "07-map-marker.png"; sourceTree = "<group>"; };
		A6605AEB12EDE91E00B03E25 /* 07-map-marker@2x.png */ = {isa = PBXFileReference; lastKnownFileType = image.png; path = "07-map-marker@2x.png"; sourceTree = "<group>"; };
		A6605AEC12EDE91E00B03E25 /* 103-map.png */ = {isa = PBXFileReference; lastKnownFileType = image.png; path = "103-map.png"; sourceTree = "<group>"; };
		A6605AED12EDE91E00B03E25 /* 103-map@2x.png */ = {isa = PBXFileReference; lastKnownFileType = image.png; path = "103-map@2x.png"; sourceTree = "<group>"; };
		A6605AEE12EDE91E00B03E25 /* 106-sliders.png */ = {isa = PBXFileReference; lastKnownFileType = image.png; path = "106-sliders.png"; sourceTree = "<group>"; };
		A6605AEF12EDE91E00B03E25 /* 106-sliders@2x.png */ = {isa = PBXFileReference; lastKnownFileType = image.png; path = "106-sliders@2x.png"; sourceTree = "<group>"; };
		A6605AF012EDE91E00B03E25 /* 20-gear2.png */ = {isa = PBXFileReference; lastKnownFileType = image.png; path = "20-gear2.png"; sourceTree = "<group>"; };
		A6605AF112EDE91E00B03E25 /* 20-gear2@2x.png */ = {isa = PBXFileReference; lastKnownFileType = image.png; path = "20-gear2@2x.png"; sourceTree = "<group>"; };
		A6605AF212EDE91E00B03E25 /* 56-cloud.png */ = {isa = PBXFileReference; lastKnownFileType = image.png; path = "56-cloud.png"; sourceTree = "<group>"; };
		A6605AF312EDE91E00B03E25 /* 56-cloud@2x.png */ = {isa = PBXFileReference; lastKnownFileType = image.png; path = "56-cloud@2x.png"; sourceTree = "<group>"; };
		A6605AF512EDE91E00B03E25 /* screenshotGeonote.png */ = {isa = PBXFileReference; lastKnownFileType = image.png; path = screenshotGeonote.png; sourceTree = "<group>"; };
		A6605AF612EDE91E00B03E25 /* screenshotGeonote@2x.png */ = {isa = PBXFileReference; lastKnownFileType = image.png; path = "screenshotGeonote@2x.png"; sourceTree = "<group>"; };
		A6605AF712EDE91E00B03E25 /* screenshotOnSwitch.png */ = {isa = PBXFileReference; lastKnownFileType = image.png; path = screenshotOnSwitch.png; sourceTree = "<group>"; };
		A6605AF812EDE91E00B03E25 /* screenshotOnSwitch@2x.png */ = {isa = PBXFileReference; lastKnownFileType = image.png; path = "screenshotOnSwitch@2x.png"; sourceTree = "<group>"; };
		A6605AF912EDE91E00B03E25 /* anonButton.png */ = {isa = PBXFileReference; lastKnownFileType = image.png; path = anonButton.png; sourceTree = "<group>"; };
		A6605AFA12EDE91E00B03E25 /* anonButton@2x.png */ = {isa = PBXFileReference; lastKnownFileType = image.png; path = "anonButton@2x.png"; sourceTree = "<group>"; };
		A6605AFB12EDE91E00B03E25 /* arrow.png */ = {isa = PBXFileReference; lastKnownFileType = image.png; path = arrow.png; sourceTree = "<group>"; };
		A6605AFC12EDE91E00B03E25 /* backgroundTexture.png */ = {isa = PBXFileReference; lastKnownFileType = image.png; path = backgroundTexture.png; sourceTree = "<group>"; };
		A6605AFD12EDE91E00B03E25 /* backgroundTexture@2x.png */ = {isa = PBXFileReference; lastKnownFileType = image.png; path = "backgroundTexture@2x.png"; sourceTree = "<group>"; };
		A6605AFE12EDE91E00B03E25 /* BlueButton.h */ = {isa = PBXFileReference; fileEncoding = 4; lastKnownFileType = sourcecode.c.h; path = BlueButton.h; sourceTree = "<group>"; };
		A6605AFF12EDE91E00B03E25 /* BlueButton.m */ = {isa = PBXFileReference; fileEncoding = 4; lastKnownFileType = sourcecode.c.objc; path = BlueButton.m; sourceTree = "<group>"; };
		A6605B0012EDE91E00B03E25 /* blueButton.png */ = {isa = PBXFileReference; lastKnownFileType = image.png; path = blueButton.png; sourceTree = "<group>"; };
		A6605B0112EDE91E00B03E25 /* blueButton@2x.png */ = {isa = PBXFileReference; lastKnownFileType = image.png; path = "blueButton@2x.png"; sourceTree = "<group>"; };
		A6605B0212EDE91E00B03E25 /* checkinButton.png */ = {isa = PBXFileReference; lastKnownFileType = image.png; path = checkinButton.png; sourceTree = "<group>"; };
		A6605B0312EDE91E00B03E25 /* checkinButton@2x.png */ = {isa = PBXFileReference; lastKnownFileType = image.png; path = "checkinButton@2x.png"; sourceTree = "<group>"; };
		A6605B0412EDE91E00B03E25 /* checkinButtonDisabled.png */ = {isa = PBXFileReference; lastKnownFileType = image.png; path = checkinButtonDisabled.png; sourceTree = "<group>"; };
		A6605B0512EDE91E00B03E25 /* checkinButtonDisabled@2x.png */ = {isa = PBXFileReference; lastKnownFileType = image.png; path = "checkinButtonDisabled@2x.png"; sourceTree = "<group>"; };
		A6605B0612EDE91E00B03E25 /* CustomUISwitch.h */ = {isa = PBXFileReference; fileEncoding = 4; lastKnownFileType = sourcecode.c.h; path = CustomUISwitch.h; sourceTree = "<group>"; };
		A6605B0712EDE91E00B03E25 /* CustomUISwitch.m */ = {isa = PBXFileReference; fileEncoding = 4; lastKnownFileType = sourcecode.c.objc; path = CustomUISwitch.m; sourceTree = "<group>"; };
		A6605B0812EDE91E00B03E25 /* geonote-icon.png */ = {isa = PBXFileReference; lastKnownFileType = image.png; path = "geonote-icon.png"; sourceTree = "<group>"; };
		A6605B0912EDE91E00B03E25 /* geonote-icon@2x.png */ = {isa = PBXFileReference; lastKnownFileType = image.png; path = "geonote-icon@2x.png"; sourceTree = "<group>"; };
		A6605B0A12EDE91E00B03E25 /* layerHeaderBkg.png */ = {isa = PBXFileReference; lastKnownFileType = image.png; path = layerHeaderBkg.png; sourceTree = "<group>"; };
		A6605B0B12EDE91E00B03E25 /* layerHeaderBkg@2x.png */ = {isa = PBXFileReference; lastKnownFileType = image.png; path = "layerHeaderBkg@2x.png"; sourceTree = "<group>"; };
		A6605B0C12EDE91E00B03E25 /* layers-icon.png */ = {isa = PBXFileReference; lastKnownFileType = image.png; path = "layers-icon.png"; sourceTree = "<group>"; };
		A6605B0D12EDE91E00B03E25 /* layers-icon@2x.png */ = {isa = PBXFileReference; lastKnownFileType = image.png; path = "layers-icon@2x.png"; sourceTree = "<group>"; };
		A6605B0E12EDE91E00B03E25 /* LQButton.png */ = {isa = PBXFileReference; lastKnownFileType = image.png; path = LQButton.png; sourceTree = "<group>"; };
		A6605B0F12EDE91E00B03E25 /* LQButton@2x.png */ = {isa = PBXFileReference; lastKnownFileType = image.png; path = "LQButton@2x.png"; sourceTree = "<group>"; };
		A6605B1012EDE91E00B03E25 /* LQButtonDisabled.png */ = {isa = PBXFileReference; lastKnownFileType = image.png; path = LQButtonDisabled.png; sourceTree = "<group>"; };
		A6605B1112EDE91E00B03E25 /* LQButtonDisabled@2x.png */ = {isa = PBXFileReference; lastKnownFileType = image.png; path = "LQButtonDisabled@2x.png"; sourceTree = "<group>"; };
		A6605B1212EDE91E00B03E25 /* LQButtonLightDisabled.png */ = {isa = PBXFileReference; lastKnownFileType = image.png; path = LQButtonLightDisabled.png; sourceTree = "<group>"; };
		A6605B1312EDE91E00B03E25 /* LQButtonLightDisabled@2x.png */ = {isa = PBXFileReference; lastKnownFileType = image.png; path = "LQButtonLightDisabled@2x.png"; sourceTree = "<group>"; };
		A6605B1412EDE91E00B03E25 /* map-x.png */ = {isa = PBXFileReference; lastKnownFileType = image.png; path = "map-x.png"; sourceTree = "<group>"; };
		A6605B1512EDE91E00B03E25 /* map-x@2x.png */ = {isa = PBXFileReference; lastKnownFileType = image.png; path = "map-x@2x.png"; sourceTree = "<group>"; };
		A6605B1612EDE91E00B03E25 /* signin-btn.png */ = {isa = PBXFileReference; lastKnownFileType = image.png; path = "signin-btn.png"; sourceTree = "<group>"; };
		A6605B1712EDE91E00B03E25 /* signin-btn@2x.png */ = {isa = PBXFileReference; lastKnownFileType = image.png; path = "signin-btn@2x.png"; sourceTree = "<group>"; };
		A6605B1812EDE91E00B03E25 /* small-btn.png */ = {isa = PBXFileReference; lastKnownFileType = image.png; path = "small-btn.png"; sourceTree = "<group>"; };
		A6605B1912EDE91E00B03E25 /* small-btn@2x.png */ = {isa = PBXFileReference; lastKnownFileType = image.png; path = "small-btn@2x.png"; sourceTree = "<group>"; };
		A6605B1A12EDE91E00B03E25 /* spinnerBkg.png */ = {isa = PBXFileReference; lastKnownFileType = image.png; path = spinnerBkg.png; sourceTree = "<group>"; };
		A6605B1B12EDE91E00B03E25 /* spinnerBkg@2x.png */ = {isa = PBXFileReference; lastKnownFileType = image.png; path = "spinnerBkg@2x.png"; sourceTree = "<group>"; };
		A6605B1C12EDE91E00B03E25 /* switch_dark.png */ = {isa = PBXFileReference; lastKnownFileType = image.png; path = switch_dark.png; sourceTree = "<group>"; };
		A6605B1D12EDE91E00B03E25 /* switch_dark@2x.png */ = {isa = PBXFileReference; lastKnownFileType = image.png; path = "switch_dark@2x.png"; sourceTree = "<group>"; };
		A6605B1E12EDE91E00B03E25 /* switch_dark_off.png */ = {isa = PBXFileReference; lastKnownFileType = image.png; path = switch_dark_off.png; sourceTree = "<group>"; };
		A6605B1F12EDE91E00B03E25 /* switch_dark_off@2x.png */ = {isa = PBXFileReference; lastKnownFileType = image.png; path = "switch_dark_off@2x.png"; sourceTree = "<group>"; };
		A6605B2012EDE91E00B03E25 /* switch_dark_on.png */ = {isa = PBXFileReference; lastKnownFileType = image.png; path = switch_dark_on.png; sourceTree = "<group>"; };
		A6605B2112EDE91E00B03E25 /* switch_dark_on@2x.png */ = {isa = PBXFileReference; lastKnownFileType = image.png; path = "switch_dark_on@2x.png"; sourceTree = "<group>"; };
		A6605B2212EDE91E00B03E25 /* switch_red.png */ = {isa = PBXFileReference; lastKnownFileType = image.png; path = switch_red.png; sourceTree = "<group>"; };
		A6605B2312EDE91E00B03E25 /* switch_red_off.png */ = {isa = PBXFileReference; lastKnownFileType = image.png; path = switch_red_off.png; sourceTree = "<group>"; };
		A6605B2412EDE91E00B03E25 /* switch_red_on.png */ = {isa = PBXFileReference; lastKnownFileType = image.png; path = switch_red_on.png; sourceTree = "<group>"; };
		A6605B2512EDE91E00B03E25 /* textboxBackground.png */ = {isa = PBXFileReference; lastKnownFileType = image.png; path = textboxBackground.png; sourceTree = "<group>"; };
		A6605B2612EDE91E00B03E25 /* textboxBackground@2x.png */ = {isa = PBXFileReference; lastKnownFileType = image.png; path = "textboxBackground@2x.png"; sourceTree = "<group>"; };
		A6605B2712EDE91E00B03E25 /* textboxBackgroundLarge.png */ = {isa = PBXFileReference; lastKnownFileType = image.png; path = textboxBackgroundLarge.png; sourceTree = "<group>"; };
		A6605B2812EDE91E00B03E25 /* textboxBackgroundLarge@2x.png */ = {isa = PBXFileReference; lastKnownFileType = image.png; path = "textboxBackgroundLarge@2x.png"; sourceTree = "<group>"; };
		A6605B2912EDE91E00B03E25 /* title-bar-bkg.png */ = {isa = PBXFileReference; lastKnownFileType = image.png; path = "title-bar-bkg.png"; sourceTree = "<group>"; };
		A6605B2A12EDE91E00B03E25 /* title-bar-bkg@2x.png */ = {isa = PBXFileReference; lastKnownFileType = image.png; path = "title-bar-bkg@2x.png"; sourceTree = "<group>"; };
		A6605B2B12EDE91E00B03E25 /* title-bar-logo.png */ = {isa = PBXFileReference; lastKnownFileType = image.png; path = "title-bar-logo.png"; sourceTree = "<group>"; };
		A6605B2C12EDE91E00B03E25 /* title-bar-logo@2x.png */ = {isa = PBXFileReference; lastKnownFileType = image.png; path = "title-bar-logo@2x.png"; sourceTree = "<group>"; };
		A6605B2D12EDE91E00B03E25 /* ToolbarLocate.png */ = {isa = PBXFileReference; lastKnownFileType = image.png; path = ToolbarLocate.png; sourceTree = "<group>"; };
		A6605B2E12EDE91E00B03E25 /* welcome-bottom.png */ = {isa = PBXFileReference; lastKnownFileType = image.png; path = "welcome-bottom.png"; sourceTree = "<group>"; };
		A6605B2F12EDE91E00B03E25 /* welcome-bottom@2x.png */ = {isa = PBXFileReference; lastKnownFileType = image.png; path = "welcome-bottom@2x.png"; sourceTree = "<group>"; };
		A6605B3012EDE91E00B03E25 /* welcome-top.png */ = {isa = PBXFileReference; lastKnownFileType = image.png; path = "welcome-top.png"; sourceTree = "<group>"; };
		A6605B3112EDE91E00B03E25 /* welcome-top@2x.png */ = {isa = PBXFileReference; lastKnownFileType = image.png; path = "welcome-top@2x.png"; sourceTree = "<group>"; };
		A67394F212C2F3460075AA68 /* MapController.xib */ = {isa = PBXFileReference; lastKnownFileType = file.xib; path = MapController.xib; sourceTree = "<group>"; };
		A679D9B3129A25AC0043FECC /* MapKit.framework */ = {isa = PBXFileReference; lastKnownFileType = wrapper.framework; name = MapKit.framework; path = System/Library/Frameworks/MapKit.framework; sourceTree = SDKROOT; };
		A679D9B9129A25BB0043FECC /* CoreLocation.framework */ = {isa = PBXFileReference; lastKnownFileType = wrapper.framework; name = CoreLocation.framework; path = System/Library/Frameworks/CoreLocation.framework; sourceTree = SDKROOT; };
		A6981E5812E2DCF30087245B /* lib3DAR.a */ = {isa = PBXFileReference; lastKnownFileType = archive.ar; name = lib3DAR.a; path = ../../LibraryOLD/SM3DARLibrary/build/lib3DAR.a; sourceTree = SOURCE_ROOT; };
		A6981EBA12E2E2AD0087245B /* NicknameController.h */ = {isa = PBXFileReference; fileEncoding = 4; lastKnownFileType = sourcecode.c.h; path = NicknameController.h; sourceTree = "<group>"; };
		A6981EBB12E2E2AD0087245B /* NicknameController.m */ = {isa = PBXFileReference; fileEncoding = 4; lastKnownFileType = sourcecode.c.objc; path = NicknameController.m; sourceTree = "<group>"; };
		A6981EBC12E2E2AD0087245B /* NicknameController.xib */ = {isa = PBXFileReference; lastKnownFileType = file.xib; path = NicknameController.xib; sourceTree = "<group>"; };
		A6981F8512E304580087245B /* libGeoloqi.a */ = {isa = PBXFileReference; lastKnownFileType = archive.ar; name = libGeoloqi.a; path = "../../Geoloqi/Geoloqi-iPhone-Library/FatBinary/libGeoloqi.a"; sourceTree = SOURCE_ROOT; };
		A6985B6B12B4B74E00C28BF8 /* SphereView.h */ = {isa = PBXFileReference; fileEncoding = 4; lastKnownFileType = sourcecode.c.h; path = SphereView.h; sourceTree = "<group>"; };
		A6985B6C12B4B74E00C28BF8 /* SphereView.m */ = {isa = PBXFileReference; fileEncoding = 4; lastKnownFileType = sourcecode.c.objc; path = SphereView.m; sourceTree = "<group>"; };
		A6985B7A12B4B89A00C28BF8 /* TexturedGeometryView.h */ = {isa = PBXFileReference; fileEncoding = 4; lastKnownFileType = sourcecode.c.h; path = TexturedGeometryView.h; sourceTree = "<group>"; };
		A6985B7B12B4B89A00C28BF8 /* TexturedGeometryView.m */ = {isa = PBXFileReference; fileEncoding = 4; lastKnownFileType = sourcecode.c.objc; path = TexturedGeometryView.m; sourceTree = "<group>"; };
		A6985B8112B4B8BE00C28BF8 /* Constants.h */ = {isa = PBXFileReference; fileEncoding = 4; lastKnownFileType = sourcecode.c.h; path = Constants.h; sourceTree = "<group>"; };
		A6C4834E12B42B02006E6F4F /* LQConstants.h */ = {isa = PBXFileReference; fileEncoding = 4; lastKnownFileType = sourcecode.c.h; path = LQConstants.h; sourceTree = "<group>"; };
		A6E76B4512EA87F4007C5B5B /* PeerSessionManager.h */ = {isa = PBXFileReference; fileEncoding = 4; lastKnownFileType = sourcecode.c.h; path = PeerSessionManager.h; sourceTree = "<group>"; };
		A6E76B4612EA87F4007C5B5B /* PeerSessionManager.m */ = {isa = PBXFileReference; fileEncoding = 4; lastKnownFileType = sourcecode.c.objc; path = PeerSessionManager.m; sourceTree = "<group>"; };
		A6E76B4812EA8828007C5B5B /* GameKit.framework */ = {isa = PBXFileReference; lastKnownFileType = wrapper.framework; name = GameKit.framework; path = System/Library/Frameworks/GameKit.framework; sourceTree = SDKROOT; };
		A6E76B6412EA8BAD007C5B5B /* PeerLobbyController.h */ = {isa = PBXFileReference; fileEncoding = 4; lastKnownFileType = sourcecode.c.h; path = PeerLobbyController.h; sourceTree = "<group>"; };
		A6E76B6512EA8BAD007C5B5B /* PeerLobbyController.m */ = {isa = PBXFileReference; fileEncoding = 4; lastKnownFileType = sourcecode.c.objc; path = PeerLobbyController.m; sourceTree = "<group>"; };
		A6E76B7E12EA8DF0007C5B5B /* PeerLobbyController.xib */ = {isa = PBXFileReference; lastKnownFileType = file.xib; path = PeerLobbyController.xib; sourceTree = "<group>"; };
		A6E76BBF12EA92FB007C5B5B /* FriendManagerController.h */ = {isa = PBXFileReference; fileEncoding = 4; lastKnownFileType = sourcecode.c.h; path = FriendManagerController.h; sourceTree = "<group>"; };
		A6E76BC012EA92FB007C5B5B /* FriendManagerController.m */ = {isa = PBXFileReference; fileEncoding = 4; lastKnownFileType = sourcecode.c.objc; path = FriendManagerController.m; sourceTree = "<group>"; };
		A6E76BC112EA92FB007C5B5B /* FriendManagerController.xib */ = {isa = PBXFileReference; lastKnownFileType = file.xib; path = FriendManagerController.xib; sourceTree = "<group>"; };
/* End PBXFileReference section */

/* Begin PBXFrameworksBuildPhase section */
		1D60588F0D05DD3D006BFB54 /* Frameworks */ = {
			isa = PBXFrameworksBuildPhase;
			buildActionMask = 2147483647;
			files = (
				1D60589F0D05DD5A006BFB54 /* Foundation.framework in Frameworks */,
				1DF5F4E00D08C38300B7A737 /* UIKit.framework in Frameworks */,
				288765080DF74369002DB57D /* CoreGraphics.framework in Frameworks */,
				A61812D2129A239900828935 /* SystemConfiguration.framework in Frameworks */,
				A61812D8129A23AC00828935 /* CoreMotion.framework in Frameworks */,
				A61812DC129A23B600828935 /* QuartzCore.framework in Frameworks */,
				A61812E0129A23BA00828935 /* OpenGLES.framework in Frameworks */,
				A679D9B4129A25AC0043FECC /* MapKit.framework in Frameworks */,
				A679D9BA129A25BB0043FECC /* CoreLocation.framework in Frameworks */,
				A64540B012A217EB0014F23C /* CoreData.framework in Frameworks */,
				A64541A912A2282C0014F23C /* MessageUI.framework in Frameworks */,
				A6981E5912E2DCF30087245B /* lib3DAR.a in Frameworks */,
				A6981F8612E304580087245B /* libGeoloqi.a in Frameworks */,
				A6E76B4912EA8828007C5B5B /* GameKit.framework in Frameworks */,
			);
			runOnlyForDeploymentPostprocessing = 0;
		};
/* End PBXFrameworksBuildPhase section */

/* Begin PBXGroup section */
		080E96DDFE201D6D7F000001 /* Classes */ = {
			isa = PBXGroup;
			children = (
				A6605A6E12EDE23600B03E25 /* Controls */,
				A6985B8112B4B8BE00C28BF8 /* Constants.h */,
				1D3623240D0F684500981E51 /* SoSoAppDelegate.h */,
				1D3623250D0F684500981E51 /* SoSoAppDelegate.m */,
				A64541A112A227590014F23C /* EmailController.h */,
				A64541A212A227590014F23C /* EmailController.m */,
				A645409C12A216770014F23C /* Friend.h */,
				A61094FE129A2C3F00A92CA6 /* Friend.m */,
				A6E76BBF12EA92FB007C5B5B /* FriendManagerController.h */,
				A6E76BC012EA92FB007C5B5B /* FriendManagerController.m */,
				A6E76BC112EA92FB007C5B5B /* FriendManagerController.xib */,
				A6109538129A342000A92CA6 /* FriendsController.h */,
				A6109539129A342000A92CA6 /* FriendsController.m */,
				A610953A129A342000A92CA6 /* FriendsController.xib */,
				A645420612A231580014F23C /* InvitationController.h */,
				A645420712A231580014F23C /* InvitationController.m */,
				A645420812A231580014F23C /* InvitationController.xib */,
				28216C950DB411BC00E5133A /* MapController.h */,
				28216C960DB411BC00E5133A /* MapController.m */,
				A67394F212C2F3460075AA68 /* MapController.xib */,
				A6981EBA12E2E2AD0087245B /* NicknameController.h */,
				A6981EBB12E2E2AD0087245B /* NicknameController.m */,
				A6981EBC12E2E2AD0087245B /* NicknameController.xib */,
				A6E76B6412EA8BAD007C5B5B /* PeerLobbyController.h */,
				A6E76B6512EA8BAD007C5B5B /* PeerLobbyController.m */,
				A6E76B7E12EA8DF0007C5B5B /* PeerLobbyController.xib */,
				A6E76B4512EA87F4007C5B5B /* PeerSessionManager.h */,
				A6E76B4612EA87F4007C5B5B /* PeerSessionManager.m */,
				A610955A129A374E00A92CA6 /* ShareController.h */,
				A610955B129A374E00A92CA6 /* ShareController.m */,
				A610955C129A374E00A92CA6 /* ShareController.xib */,
				A6109500129A309A00A92CA6 /* SingleFriendController.h */,
				A6109501129A309A00A92CA6 /* SingleFriendController.m */,
				A6985B6B12B4B74E00C28BF8 /* SphereView.h */,
				A6985B6C12B4B74E00C28BF8 /* SphereView.m */,
				A6985B7A12B4B89A00C28BF8 /* TexturedGeometryView.h */,
				A6985B7B12B4B89A00C28BF8 /* TexturedGeometryView.m */,
			);
			path = Classes;
			sourceTree = "<group>";
		};
		19C28FACFE9D520D11CA2CBB /* Products */ = {
			isa = PBXGroup;
			children = (
				1D6058910D05DD3D006BFB54 /* Social Sonar.app */,
			);
			name = Products;
			sourceTree = "<group>";
		};
		29B97314FDCFA39411CA2CEA /* Beacon */ = {
			isa = PBXGroup;
			children = (
				A6181283129A235E00828935 /* Lib */,
				080E96DDFE201D6D7F000001 /* Classes */,
				29B97315FDCFA39411CA2CEA /* Other Sources */,
				29B97317FDCFA39411CA2CEA /* Resources */,
				29B97323FDCFA39411CA2CEA /* Frameworks */,
				19C28FACFE9D520D11CA2CBB /* Products */,
				A6E76B4812EA8828007C5B5B /* GameKit.framework */,
			);
			name = Beacon;
			sourceTree = "<group>";
		};
		29B97315FDCFA39411CA2CEA /* Other Sources */ = {
			isa = PBXGroup;
			children = (
				28A0AB4B0D9B1048005BE974 /* SocialSonar_Prefix.pch */,
				29B97316FDCFA39411CA2CEA /* main.mm */,
			);
			name = "Other Sources";
			sourceTree = "<group>";
		};
		29B97317FDCFA39411CA2CEA /* Resources */ = {
			isa = PBXGroup;
			children = (
				A6605AE712EDE91E00B03E25 /* Geoloqi */,
				A638039612A75FB1009057BF /* Default.png */,
				A638039712A75FB1009057BF /* Icon.png */,
				2840D7CD1179279E00D7F93C /* FirstView.xib */,
				282CCBFD0DB6C98000C4EA27 /* SecondView.xib */,
				28AD73870D9D96C1002E5188 /* MainWindow.xib */,
				8D1107310486CEB800E47090 /* SocialSonar-Info.plist */,
				A645409912A2158E0014F23C /* Beacon.xcdatamodel */,
				A64541E312A22BAD0014F23C /* invitation_email.html */,
			);
			name = Resources;
			sourceTree = "<group>";
		};
		29B97323FDCFA39411CA2CEA /* Frameworks */ = {
			isa = PBXGroup;
			children = (
				A64541A812A2282C0014F23C /* MessageUI.framework */,
				A64540AF12A217EB0014F23C /* CoreData.framework */,
				A679D9B3129A25AC0043FECC /* MapKit.framework */,
				A679D9B9129A25BB0043FECC /* CoreLocation.framework */,
				A61812D1129A239900828935 /* SystemConfiguration.framework */,
				A61812D7129A23AC00828935 /* CoreMotion.framework */,
				A61812DB129A23B600828935 /* QuartzCore.framework */,
				A61812DF129A23BA00828935 /* OpenGLES.framework */,
				1DF5F4DF0D08C38300B7A737 /* UIKit.framework */,
				1D30AB110D05D00D00671497 /* Foundation.framework */,
				288765070DF74369002DB57D /* CoreGraphics.framework */,
			);
			name = Frameworks;
			sourceTree = "<group>";
		};
		A6181283129A235E00828935 /* Lib */ = {
			isa = PBXGroup;
			children = (
				A6181284129A235E00828935 /* 3DAR */,
				A618128A129A235E00828935 /* BSJSONAdditions */,
				A6181295129A235E00828935 /* ISO-8601-parser-0.5 */,
				A638036612A75E09009057BF /* Geoloqi */,
				A61812AB129A235E00828935 /* Reachability2.0 */,
				A63803A712A761E0009057BF /* TouchJSON */,
			);
			path = Lib;
			sourceTree = "<group>";
		};
		A6181284129A235E00828935 /* 3DAR */ = {
			isa = PBXGroup;
			children = (
				A6981E5812E2DCF30087245B /* lib3DAR.a */,
				A6181285129A235E00828935 /* 3dar.plist */,
				A6181286129A235E00828935 /* 3dar_logo.png */,
				A6181288129A235E00828935 /* SM3DAR.h */,
				A6181289129A235E00828935 /* SM3DAR_keys.txt */,
			);
			path = 3DAR;
			sourceTree = "<group>";
		};
		A618128A129A235E00828935 /* BSJSONAdditions */ = {
			isa = PBXGroup;
			children = (
				A618128B129A235E00828935 /* BSJSONEncoder.h */,
				A618128C129A235E00828935 /* BSJSONEncoder.m */,
				A618128D129A235E00828935 /* NSArray+BSJSONAdditions.h */,
				A618128E129A235E00828935 /* NSArray+BSJSONAdditions.m */,
				A618128F129A235E00828935 /* NSDictionary+BSJSONAdditions.h */,
				A6181290129A235E00828935 /* NSDictionary+BSJSONAdditions.m */,
				A6181291129A235E00828935 /* NSScanner+BSJSONAdditions.h */,
				A6181292129A235E00828935 /* NSScanner+BSJSONAdditions.m */,
				A6181293129A235E00828935 /* NSString+BSJSONAdditions.h */,
				A6181294129A235E00828935 /* NSString+BSJSONAdditions.m */,
			);
			path = BSJSONAdditions;
			sourceTree = "<group>";
		};
		A6181295129A235E00828935 /* ISO-8601-parser-0.5 */ = {
			isa = PBXGroup;
			children = (
				A6181296129A235E00828935 /* ISO8601DateFormatter.h */,
				A6181297129A235E00828935 /* ISO8601DateFormatter.m */,
			);
			path = "ISO-8601-parser-0.5";
			sourceTree = "<group>";
		};
		A61812AB129A235E00828935 /* Reachability2.0 */ = {
			isa = PBXGroup;
			children = (
				A61812AC129A235E00828935 /* Reachability.h */,
				A61812AD129A235E00828935 /* Reachability.m */,
			);
			path = Reachability2.0;
			sourceTree = "<group>";
		};
		A638036612A75E09009057BF /* Geoloqi */ = {
			isa = PBXGroup;
			children = (
				A6981F8512E304580087245B /* libGeoloqi.a */,
				A638036712A75E14009057BF /* Geoloqi.h */,
				A6C4834E12B42B02006E6F4F /* LQConstants.h */,
			);
			path = Geoloqi;
			sourceTree = "<group>";
		};
		A63803A712A761E0009057BF /* TouchJSON */ = {
			isa = PBXGroup;
			children = (
				A63803A812A761E0009057BF /* CDataScanner.h */,
				A63803A912A761E0009057BF /* CDataScanner.m */,
				A63803AA12A761E0009057BF /* Extensions */,
				A63803B312A761E0009057BF /* JSON */,
			);
			path = TouchJSON;
			sourceTree = "<group>";
		};
		A63803AA12A761E0009057BF /* Extensions */ = {
			isa = PBXGroup;
			children = (
				A63803AB12A761E0009057BF /* CDataScanner_Extensions.h */,
				A63803AC12A761E0009057BF /* CDataScanner_Extensions.m */,
				A63803AD12A761E0009057BF /* NSCharacterSet_Extensions.h */,
				A63803AE12A761E0009057BF /* NSCharacterSet_Extensions.m */,
				A63803AF12A761E0009057BF /* NSDictionary_JSONExtensions.h */,
				A63803B012A761E0009057BF /* NSDictionary_JSONExtensions.m */,
				A63803B112A761E0009057BF /* NSScanner_Extensions.h */,
				A63803B212A761E0009057BF /* NSScanner_Extensions.m */,
			);
			path = Extensions;
			sourceTree = "<group>";
		};
		A63803B312A761E0009057BF /* JSON */ = {
			isa = PBXGroup;
			children = (
				A63803B412A761E0009057BF /* CJSONDataSerializer.h */,
				A63803B512A761E1009057BF /* CJSONDataSerializer.m */,
				A63803B612A761E1009057BF /* CJSONDeserializer.h */,
				A63803B712A761E1009057BF /* CJSONDeserializer.m */,
				A63803B812A761E1009057BF /* CJSONScanner.h */,
				A63803B912A761E1009057BF /* CJSONScanner.m */,
				A63803BA12A761E1009057BF /* CJSONSerializer.h */,
				A63803BB12A761E1009057BF /* CJSONSerializer.m */,
				A63803BC12A761E1009057BF /* CSerializedJSONData.h */,
				A63803BD12A761E1009057BF /* CSerializedJSONData.m */,
			);
			path = JSON;
			sourceTree = "<group>";
		};
		A6605A6E12EDE23600B03E25 /* Controls */ = {
			isa = PBXGroup;
			children = (
				A6605A6F12EDE23600B03E25 /* LQDataViewController.xib */,
				A6605A7012EDE23600B03E25 /* LQDataViewController.h */,
				A6605A7112EDE23600B03E25 /* LQDataViewController.m */,
				A6605A7212EDE23700B03E25 /* LQMappedSlider.h */,
				A6605A7312EDE23700B03E25 /* LQMappedSlider.m */,
				A6605A9C12EDE3EE00B03E25 /* Geoloqi */,
			);
			name = Controls;
			sourceTree = "<group>";
		};
		A6605A9C12EDE3EE00B03E25 /* Geoloqi */ = {
			isa = PBXGroup;
			children = (
				A6605A9D12EDE3EE00B03E25 /* LQAboutViewController.h */,
				A6605A9E12EDE3EE00B03E25 /* LQAboutViewController.m */,
				A6605A9F12EDE3EE00B03E25 /* LQAboutViewController.xib */,
			);
			path = Geoloqi;
			sourceTree = "<group>";
		};
		A6605AE712EDE91E00B03E25 /* Geoloqi */ = {
			isa = PBXGroup;
			children = (
				A6605AE812EDE91E00B03E25 /* 07-map-marker-shadow.png */,
				A6605AE912EDE91E00B03E25 /* 07-map-marker-shadow@2x.png */,
				A6605AEA12EDE91E00B03E25 /* 07-map-marker.png */,
				A6605AEB12EDE91E00B03E25 /* 07-map-marker@2x.png */,
				A6605AEC12EDE91E00B03E25 /* 103-map.png */,
				A6605AED12EDE91E00B03E25 /* 103-map@2x.png */,
				A6605AEE12EDE91E00B03E25 /* 106-sliders.png */,
				A6605AEF12EDE91E00B03E25 /* 106-sliders@2x.png */,
				A6605AF012EDE91E00B03E25 /* 20-gear2.png */,
				A6605AF112EDE91E00B03E25 /* 20-gear2@2x.png */,
				A6605AF212EDE91E00B03E25 /* 56-cloud.png */,
				A6605AF312EDE91E00B03E25 /* 56-cloud@2x.png */,
				A6605AF412EDE91E00B03E25 /* About */,
				A6605AF912EDE91E00B03E25 /* anonButton.png */,
				A6605AFA12EDE91E00B03E25 /* anonButton@2x.png */,
				A6605AFB12EDE91E00B03E25 /* arrow.png */,
				A6605AFC12EDE91E00B03E25 /* backgroundTexture.png */,
				A6605AFD12EDE91E00B03E25 /* backgroundTexture@2x.png */,
				A6605AFE12EDE91E00B03E25 /* BlueButton.h */,
				A6605AFF12EDE91E00B03E25 /* BlueButton.m */,
				A6605B0012EDE91E00B03E25 /* blueButton.png */,
				A6605B0112EDE91E00B03E25 /* blueButton@2x.png */,
				A6605B0212EDE91E00B03E25 /* checkinButton.png */,
				A6605B0312EDE91E00B03E25 /* checkinButton@2x.png */,
				A6605B0412EDE91E00B03E25 /* checkinButtonDisabled.png */,
				A6605B0512EDE91E00B03E25 /* checkinButtonDisabled@2x.png */,
				A6605B0612EDE91E00B03E25 /* CustomUISwitch.h */,
				A6605B0712EDE91E00B03E25 /* CustomUISwitch.m */,
				A6605B0812EDE91E00B03E25 /* geonote-icon.png */,
				A6605B0912EDE91E00B03E25 /* geonote-icon@2x.png */,
				A6605B0A12EDE91E00B03E25 /* layerHeaderBkg.png */,
				A6605B0B12EDE91E00B03E25 /* layerHeaderBkg@2x.png */,
				A6605B0C12EDE91E00B03E25 /* layers-icon.png */,
				A6605B0D12EDE91E00B03E25 /* layers-icon@2x.png */,
				A6605B0E12EDE91E00B03E25 /* LQButton.png */,
				A6605B0F12EDE91E00B03E25 /* LQButton@2x.png */,
				A6605B1012EDE91E00B03E25 /* LQButtonDisabled.png */,
				A6605B1112EDE91E00B03E25 /* LQButtonDisabled@2x.png */,
				A6605B1212EDE91E00B03E25 /* LQButtonLightDisabled.png */,
				A6605B1312EDE91E00B03E25 /* LQButtonLightDisabled@2x.png */,
				A6605B1412EDE91E00B03E25 /* map-x.png */,
				A6605B1512EDE91E00B03E25 /* map-x@2x.png */,
				A6605B1612EDE91E00B03E25 /* signin-btn.png */,
				A6605B1712EDE91E00B03E25 /* signin-btn@2x.png */,
				A6605B1812EDE91E00B03E25 /* small-btn.png */,
				A6605B1912EDE91E00B03E25 /* small-btn@2x.png */,
				A6605B1A12EDE91E00B03E25 /* spinnerBkg.png */,
				A6605B1B12EDE91E00B03E25 /* spinnerBkg@2x.png */,
				A6605B1C12EDE91E00B03E25 /* switch_dark.png */,
				A6605B1D12EDE91E00B03E25 /* switch_dark@2x.png */,
				A6605B1E12EDE91E00B03E25 /* switch_dark_off.png */,
				A6605B1F12EDE91E00B03E25 /* switch_dark_off@2x.png */,
				A6605B2012EDE91E00B03E25 /* switch_dark_on.png */,
				A6605B2112EDE91E00B03E25 /* switch_dark_on@2x.png */,
				A6605B2212EDE91E00B03E25 /* switch_red.png */,
				A6605B2312EDE91E00B03E25 /* switch_red_off.png */,
				A6605B2412EDE91E00B03E25 /* switch_red_on.png */,
				A6605B2512EDE91E00B03E25 /* textboxBackground.png */,
				A6605B2612EDE91E00B03E25 /* textboxBackground@2x.png */,
				A6605B2712EDE91E00B03E25 /* textboxBackgroundLarge.png */,
				A6605B2812EDE91E00B03E25 /* textboxBackgroundLarge@2x.png */,
				A6605B2912EDE91E00B03E25 /* title-bar-bkg.png */,
				A6605B2A12EDE91E00B03E25 /* title-bar-bkg@2x.png */,
				A6605B2B12EDE91E00B03E25 /* title-bar-logo.png */,
				A6605B2C12EDE91E00B03E25 /* title-bar-logo@2x.png */,
				A6605B2D12EDE91E00B03E25 /* ToolbarLocate.png */,
				A6605B2E12EDE91E00B03E25 /* welcome-bottom.png */,
				A6605B2F12EDE91E00B03E25 /* welcome-bottom@2x.png */,
				A6605B3012EDE91E00B03E25 /* welcome-top.png */,
				A6605B3112EDE91E00B03E25 /* welcome-top@2x.png */,
			);
			name = Geoloqi;
			path = Assets/Geoloqi;
			sourceTree = "<group>";
		};
		A6605AF412EDE91E00B03E25 /* About */ = {
			isa = PBXGroup;
			children = (
				A6605AF512EDE91E00B03E25 /* screenshotGeonote.png */,
				A6605AF612EDE91E00B03E25 /* screenshotGeonote@2x.png */,
				A6605AF712EDE91E00B03E25 /* screenshotOnSwitch.png */,
				A6605AF812EDE91E00B03E25 /* screenshotOnSwitch@2x.png */,
			);
			path = About;
			sourceTree = "<group>";
		};
/* End PBXGroup section */

/* Begin PBXNativeTarget section */
		1D6058900D05DD3D006BFB54 /* SocialSonar */ = {
			isa = PBXNativeTarget;
			buildConfigurationList = 1D6058960D05DD3E006BFB54 /* Build configuration list for PBXNativeTarget "SocialSonar" */;
			buildPhases = (
				1D60588D0D05DD3D006BFB54 /* Resources */,
				1D60588E0D05DD3D006BFB54 /* Sources */,
				1D60588F0D05DD3D006BFB54 /* Frameworks */,
			);
			buildRules = (
			);
			dependencies = (
			);
			name = SocialSonar;
			productName = Beacon;
			productReference = 1D6058910D05DD3D006BFB54 /* Social Sonar.app */;
			productType = "com.apple.product-type.application";
		};
/* End PBXNativeTarget section */

/* Begin PBXProject section */
		29B97313FDCFA39411CA2CEA /* Project object */ = {
			isa = PBXProject;
			buildConfigurationList = C01FCF4E08A954540054247B /* Build configuration list for PBXProject "SocialSonar" */;
			compatibilityVersion = "Xcode 3.1";
			developmentRegion = English;
			hasScannedForEncodings = 1;
			knownRegions = (
				English,
				Japanese,
				French,
				German,
			);
			mainGroup = 29B97314FDCFA39411CA2CEA /* Beacon */;
			projectDirPath = "";
			projectRoot = "";
			targets = (
				1D6058900D05DD3D006BFB54 /* SocialSonar */,
			);
		};
/* End PBXProject section */

/* Begin PBXResourcesBuildPhase section */
		1D60588D0D05DD3D006BFB54 /* Resources */ = {
			isa = PBXResourcesBuildPhase;
			buildActionMask = 2147483647;
			files = (
				28AD73880D9D96C1002E5188 /* MainWindow.xib in Resources */,
				282CCBFE0DB6C98000C4EA27 /* SecondView.xib in Resources */,
				2840D7CE1179279E00D7F93C /* FirstView.xib in Resources */,
				A61812AE129A235E00828935 /* 3dar.plist in Resources */,
				A61812AF129A235E00828935 /* 3dar_logo.png in Resources */,
				A61812B1129A235E00828935 /* SM3DAR_keys.txt in Resources */,
				A610953C129A342000A92CA6 /* FriendsController.xib in Resources */,
				A610955E129A374E00A92CA6 /* ShareController.xib in Resources */,
				A64541E412A22BAD0014F23C /* invitation_email.html in Resources */,
				A645420A12A231580014F23C /* InvitationController.xib in Resources */,
				A638039812A75FB1009057BF /* Default.png in Resources */,
				A638039912A75FB1009057BF /* Icon.png in Resources */,
				A67394F312C2F3460075AA68 /* MapController.xib in Resources */,
				A6981EBE12E2E2AD0087245B /* NicknameController.xib in Resources */,
				A6E76B7F12EA8DF0007C5B5B /* PeerLobbyController.xib in Resources */,
				A6E76BC312EA92FB007C5B5B /* FriendManagerController.xib in Resources */,
				A6605A7412EDE23700B03E25 /* LQDataViewController.xib in Resources */,
				A6605AA112EDE3EE00B03E25 /* LQAboutViewController.xib in Resources */,
				A6605B3212EDE91E00B03E25 /* 07-map-marker-shadow.png in Resources */,
				A6605B3312EDE91E00B03E25 /* 07-map-marker-shadow@2x.png in Resources */,
				A6605B3412EDE91E00B03E25 /* 07-map-marker.png in Resources */,
				A6605B3512EDE91E00B03E25 /* 07-map-marker@2x.png in Resources */,
				A6605B3612EDE91E00B03E25 /* 103-map.png in Resources */,
				A6605B3712EDE91E00B03E25 /* 103-map@2x.png in Resources */,
				A6605B3812EDE91E00B03E25 /* 106-sliders.png in Resources */,
				A6605B3912EDE91E00B03E25 /* 106-sliders@2x.png in Resources */,
				A6605B3A12EDE91E00B03E25 /* 20-gear2.png in Resources */,
				A6605B3B12EDE91E00B03E25 /* 20-gear2@2x.png in Resources */,
				A6605B3C12EDE91E00B03E25 /* 56-cloud.png in Resources */,
				A6605B3D12EDE91E00B03E25 /* 56-cloud@2x.png in Resources */,
				A6605B3E12EDE91E00B03E25 /* screenshotGeonote.png in Resources */,
				A6605B3F12EDE91E00B03E25 /* screenshotGeonote@2x.png in Resources */,
				A6605B4012EDE91E00B03E25 /* screenshotOnSwitch.png in Resources */,
				A6605B4112EDE91E00B03E25 /* screenshotOnSwitch@2x.png in Resources */,
				A6605B4212EDE91E00B03E25 /* anonButton.png in Resources */,
				A6605B4312EDE91E00B03E25 /* anonButton@2x.png in Resources */,
				A6605B4412EDE91E00B03E25 /* arrow.png in Resources */,
				A6605B4512EDE91E00B03E25 /* backgroundTexture.png in Resources */,
				A6605B4612EDE91E00B03E25 /* backgroundTexture@2x.png in Resources */,
				A6605B4812EDE91E00B03E25 /* blueButton.png in Resources */,
				A6605B4912EDE91E00B03E25 /* blueButton@2x.png in Resources */,
				A6605B4A12EDE91E00B03E25 /* checkinButton.png in Resources */,
				A6605B4B12EDE91E00B03E25 /* checkinButton@2x.png in Resources */,
				A6605B4C12EDE91E00B03E25 /* checkinButtonDisabled.png in Resources */,
				A6605B4D12EDE91E00B03E25 /* checkinButtonDisabled@2x.png in Resources */,
				A6605B4F12EDE91E00B03E25 /* geonote-icon.png in Resources */,
				A6605B5012EDE91E00B03E25 /* geonote-icon@2x.png in Resources */,
				A6605B5112EDE91E00B03E25 /* layerHeaderBkg.png in Resources */,
				A6605B5212EDE91E00B03E25 /* layerHeaderBkg@2x.png in Resources */,
				A6605B5312EDE91E00B03E25 /* layers-icon.png in Resources */,
				A6605B5412EDE91E00B03E25 /* layers-icon@2x.png in Resources */,
				A6605B5512EDE91E00B03E25 /* LQButton.png in Resources */,
				A6605B5612EDE91E00B03E25 /* LQButton@2x.png in Resources */,
				A6605B5712EDE91E00B03E25 /* LQButtonDisabled.png in Resources */,
				A6605B5812EDE91E00B03E25 /* LQButtonDisabled@2x.png in Resources */,
				A6605B5912EDE91E00B03E25 /* LQButtonLightDisabled.png in Resources */,
				A6605B5A12EDE91E00B03E25 /* LQButtonLightDisabled@2x.png in Resources */,
				A6605B5B12EDE91E00B03E25 /* map-x.png in Resources */,
				A6605B5C12EDE91E00B03E25 /* map-x@2x.png in Resources */,
				A6605B5D12EDE91E00B03E25 /* signin-btn.png in Resources */,
				A6605B5E12EDE91E00B03E25 /* signin-btn@2x.png in Resources */,
				A6605B5F12EDE91E00B03E25 /* small-btn.png in Resources */,
				A6605B6012EDE91E00B03E25 /* small-btn@2x.png in Resources */,
				A6605B6112EDE91E00B03E25 /* spinnerBkg.png in Resources */,
				A6605B6212EDE91E00B03E25 /* spinnerBkg@2x.png in Resources */,
				A6605B6312EDE91E00B03E25 /* switch_dark.png in Resources */,
				A6605B6412EDE91E00B03E25 /* switch_dark@2x.png in Resources */,
				A6605B6512EDE91E00B03E25 /* switch_dark_off.png in Resources */,
				A6605B6612EDE91E00B03E25 /* switch_dark_off@2x.png in Resources */,
				A6605B6712EDE91E00B03E25 /* switch_dark_on.png in Resources */,
				A6605B6812EDE91E00B03E25 /* switch_dark_on@2x.png in Resources */,
				A6605B6912EDE91E00B03E25 /* switch_red.png in Resources */,
				A6605B6A12EDE91E00B03E25 /* switch_red_off.png in Resources */,
				A6605B6B12EDE91E00B03E25 /* switch_red_on.png in Resources */,
				A6605B6C12EDE91E00B03E25 /* textboxBackground.png in Resources */,
				A6605B6D12EDE91E00B03E25 /* textboxBackground@2x.png in Resources */,
				A6605B6E12EDE91E00B03E25 /* textboxBackgroundLarge.png in Resources */,
				A6605B6F12EDE91E00B03E25 /* textboxBackgroundLarge@2x.png in Resources */,
				A6605B7012EDE91E00B03E25 /* title-bar-bkg.png in Resources */,
				A6605B7112EDE91E00B03E25 /* title-bar-bkg@2x.png in Resources */,
				A6605B7212EDE91E00B03E25 /* title-bar-logo.png in Resources */,
				A6605B7312EDE91E00B03E25 /* title-bar-logo@2x.png in Resources */,
				A6605B7412EDE91E00B03E25 /* ToolbarLocate.png in Resources */,
				A6605B7512EDE91E00B03E25 /* welcome-bottom.png in Resources */,
				A6605B7612EDE91E00B03E25 /* welcome-bottom@2x.png in Resources */,
				A6605B7712EDE91E00B03E25 /* welcome-top.png in Resources */,
				A6605B7812EDE91E00B03E25 /* welcome-top@2x.png in Resources */,
			);
			runOnlyForDeploymentPostprocessing = 0;
		};
/* End PBXResourcesBuildPhase section */

/* Begin PBXSourcesBuildPhase section */
		1D60588E0D05DD3D006BFB54 /* Sources */ = {
			isa = PBXSourcesBuildPhase;
			buildActionMask = 2147483647;
			files = (
				1D60589B0D05DD56006BFB54 /* main.mm in Sources */,
				1D3623260D0F684500981E51 /* SoSoAppDelegate.m in Sources */,
				28216C970DB411BC00E5133A /* MapController.m in Sources */,
				A61812B2129A235E00828935 /* BSJSONEncoder.m in Sources */,
				A61812B3129A235E00828935 /* NSArray+BSJSONAdditions.m in Sources */,
				A61812B4129A235E00828935 /* NSDictionary+BSJSONAdditions.m in Sources */,
				A61812B5129A235E00828935 /* NSScanner+BSJSONAdditions.m in Sources */,
				A61812B6129A235E00828935 /* NSString+BSJSONAdditions.m in Sources */,
				A61812B7129A235E00828935 /* ISO8601DateFormatter.m in Sources */,
				A61812CA129A235E00828935 /* Reachability.m in Sources */,
				A61094FF129A2C3F00A92CA6 /* Friend.m in Sources */,
				A6109502129A309A00A92CA6 /* SingleFriendController.m in Sources */,
				A610953B129A342000A92CA6 /* FriendsController.m in Sources */,
				A610955D129A374E00A92CA6 /* ShareController.m in Sources */,
				A645409A12A2158E0014F23C /* Beacon.xcdatamodel in Sources */,
				A64541A312A227590014F23C /* EmailController.m in Sources */,
				A645420912A231580014F23C /* InvitationController.m in Sources */,
				A63803BE12A761E1009057BF /* CDataScanner.m in Sources */,
				A63803BF12A761E1009057BF /* CDataScanner_Extensions.m in Sources */,
				A63803C012A761E1009057BF /* NSCharacterSet_Extensions.m in Sources */,
				A63803C112A761E1009057BF /* NSDictionary_JSONExtensions.m in Sources */,
				A63803C212A761E1009057BF /* NSScanner_Extensions.m in Sources */,
				A63803C312A761E1009057BF /* CJSONDataSerializer.m in Sources */,
				A63803C412A761E1009057BF /* CJSONDeserializer.m in Sources */,
				A63803C512A761E1009057BF /* CJSONScanner.m in Sources */,
				A63803C612A761E1009057BF /* CJSONSerializer.m in Sources */,
				A63803C712A761E1009057BF /* CSerializedJSONData.m in Sources */,
				A6985B6D12B4B74E00C28BF8 /* SphereView.m in Sources */,
				A6985B7C12B4B89A00C28BF8 /* TexturedGeometryView.m in Sources */,
				A6981EBD12E2E2AD0087245B /* NicknameController.m in Sources */,
				A6E76B4712EA87F4007C5B5B /* PeerSessionManager.m in Sources */,
				A6E76B6612EA8BAD007C5B5B /* PeerLobbyController.m in Sources */,
				A6E76BC212EA92FB007C5B5B /* FriendManagerController.m in Sources */,
				A6605A7512EDE23700B03E25 /* LQDataViewController.m in Sources */,
				A6605A7612EDE23700B03E25 /* LQMappedSlider.m in Sources */,
				A6605AA012EDE3EE00B03E25 /* LQAboutViewController.m in Sources */,
				A6605B4712EDE91E00B03E25 /* BlueButton.m in Sources */,
				A6605B4E12EDE91E00B03E25 /* CustomUISwitch.m in Sources */,
			);
			runOnlyForDeploymentPostprocessing = 0;
		};
/* End PBXSourcesBuildPhase section */

/* Begin XCBuildConfiguration section */
		1D6058940D05DD3E006BFB54 /* Debug */ = {
			isa = XCBuildConfiguration;
			buildSettings = {
				ALWAYS_SEARCH_USER_PATHS = NO;
				COPY_PHASE_STRIP = NO;
				GCC_DYNAMIC_NO_PIC = NO;
				GCC_OPTIMIZATION_LEVEL = 0;
				GCC_PRECOMPILE_PREFIX_HEADER = YES;
				GCC_PREFIX_HEADER = SocialSonar_Prefix.pch;
				HEADER_SEARCH_PATHS = "/usr/include/libxml2/**";
				INFOPLIST_FILE = "SocialSonar-Info.plist";
				LIBRARY_SEARCH_PATHS = (
					"$(inherited)",
					"\"$(SRCROOT)/../../LibraryOLD/SM3DARLibrary/build\"",
					"\"$(SRCROOT)/../../Geoloqi/Geoloqi-iPhone-Library/FatBinary\"",
				);
				OTHER_LDFLAGS = (
					"-lxml2",
					"-stdc++",
				);
				PRODUCT_NAME = "Social Sonar";
			};
			name = Debug;
		};
		1D6058950D05DD3E006BFB54 /* Release */ = {
			isa = XCBuildConfiguration;
			buildSettings = {
				ALWAYS_SEARCH_USER_PATHS = NO;
				COPY_PHASE_STRIP = YES;
				GCC_PRECOMPILE_PREFIX_HEADER = YES;
				GCC_PREFIX_HEADER = SocialSonar_Prefix.pch;
				HEADER_SEARCH_PATHS = "/usr/include/libxml2/**";
				INFOPLIST_FILE = "SocialSonar-Info.plist";
				LIBRARY_SEARCH_PATHS = (
					"$(inherited)",
					"\"$(SRCROOT)/Lib/3DAR\"",
					"\"$(SRCROOT)/Lib/Geoloqi\"",
					"\"$(SRCROOT)/../../Geoloqi/Geoloqi-iPhone-Library/build/Debug-iphoneos\"",
					"\"$(SRCROOT)/../../Geoloqi/Geoloqi-iPhone-Library/FatBinary\"",
					"\"$(SRCROOT)/../../Geoloqi/Geoloqi-iPhone-Library/build/Release-iphonesimulator\"",
					"\"$(SRCROOT)/../../Geoloqi/Geoloqi-iPhone-Library/build/Debug-iphonesimulator\"",
					"\"$(SRCROOT)/../../Library/SM3DARLibrary/build/Debug-iphoneos\"",
					"\"$(SRCROOT)/../../Library/iOS/build/Debug-iphoneos\"",
					"\"$(SRCROOT)/../../Library/iOS/build\"",
					"\"$(SRCROOT)/../../LibraryOLD/SM3DARLibrary/build\"",
				);
				OTHER_LDFLAGS = (
					"-lxml2",
					"-stdc++",
				);
				PRODUCT_NAME = "Social Sonar";
				VALIDATE_PRODUCT = YES;
			};
			name = Release;
		};
		C01FCF4F08A954540054247B /* Debug */ = {
			isa = XCBuildConfiguration;
			buildSettings = {
				ARCHS = "$(ARCHS_STANDARD_32_BIT)";
				"CODE_SIGN_IDENTITY[sdk=iphoneos*]" = "iPhone Developer";
				GCC_C_LANGUAGE_STANDARD = c99;
				GCC_WARN_ABOUT_RETURN_TYPE = YES;
				GCC_WARN_UNUSED_VARIABLE = YES;
				IPHONEOS_DEPLOYMENT_TARGET = 3.1;
				OTHER_LDFLAGS = "";
				PREBINDING = NO;
				"PROVISIONING_PROFILE[sdk=iphoneos*]" = "";
				SDKROOT = iphoneos4.2;
			};
			name = Debug;
		};
		C01FCF5008A954540054247B /* Release */ = {
			isa = XCBuildConfiguration;
			buildSettings = {
				ARCHS = "$(ARCHS_STANDARD_32_BIT)";
				"CODE_SIGN_IDENTITY[sdk=iphoneos*]" = "iPhone Developer";
				GCC_C_LANGUAGE_STANDARD = c99;
				GCC_WARN_ABOUT_RETURN_TYPE = YES;
				GCC_WARN_UNUSED_VARIABLE = YES;
				IPHONEOS_DEPLOYMENT_TARGET = 3.1;
				OTHER_CFLAGS = "-DNS_BLOCK_ASSERTIONS=1";
				OTHER_LDFLAGS = "";
				PREBINDING = NO;
				"PROVISIONING_PROFILE[sdk=iphoneos*]" = "";
				SDKROOT = iphoneos4.2;
			};
			name = Release;
		};
/* End XCBuildConfiguration section */

/* Begin XCConfigurationList section */
		1D6058960D05DD3E006BFB54 /* Build configuration list for PBXNativeTarget "SocialSonar" */ = {
			isa = XCConfigurationList;
			buildConfigurations = (
				1D6058940D05DD3E006BFB54 /* Debug */,
				1D6058950D05DD3E006BFB54 /* Release */,
			);
			defaultConfigurationIsVisible = 0;
			defaultConfigurationName = Release;
		};
		C01FCF4E08A954540054247B /* Build configuration list for PBXProject "SocialSonar" */ = {
			isa = XCConfigurationList;
			buildConfigurations = (
				C01FCF4F08A954540054247B /* Debug */,
				C01FCF5008A954540054247B /* Release */,
			);
			defaultConfigurationIsVisible = 0;
			defaultConfigurationName = Release;
		};
/* End XCConfigurationList section */
	};
	rootObject = 29B97313FDCFA39411CA2CEA /* Project object */;
}
